// !$*UTF8*$!
{
	archiveVersion = 1;
	classes = {
	};
	objectVersion = 77;
	objects = {

/* Begin PBXBuildFile section */
		00CD2AC36BEF7ECB7469CBA7 /* RequestButtonView.swift in Sources */ = {isa = PBXBuildFile; fileRef = 006621B1BAB219A3DA268155 /* RequestButtonView.swift */; };
		04D761CC68BB6CC8A8394348 /* RequestRepository.swift in Sources */ = {isa = PBXBuildFile; fileRef = 611335D5B4B13E4CCE58A230 /* RequestRepository.swift */; };
		0D2AAA4FFBC176FD640845F2 /* WatchlistView.swift in Sources */ = {isa = PBXBuildFile; fileRef = 0008919C3BEB59A2D341CC18 /* WatchlistView.swift */; };
		10EA31FB0508B38AA59F09C8 /* EpisodeCardView.swift in Sources */ = {isa = PBXBuildFile; fileRef = 2EBB05AAEDED3FBD74CE5011 /* EpisodeCardView.swift */; };
		16D82132E6DC3882931D2C5C /* AuthViewModel.swift in Sources */ = {isa = PBXBuildFile; fileRef = 8B2E98367B74869339FA13D2 /* AuthViewModel.swift */; };
		19430E3E200CE53AC7BB72DF /* WatchlistViewModel.swift in Sources */ = {isa = PBXBuildFile; fileRef = FE74B4F94F2F612047C9284C /* WatchlistViewModel.swift */; };
		1A415686E9F112924723ACF9 /* TvShowDetailView.swift in Sources */ = {isa = PBXBuildFile; fileRef = FF31ECDFD93EF7800E74AFA1 /* TvShowDetailView.swift */; };
		1AA4AFDBF19E0B179817133F /* ServerSetupViewModel.swift in Sources */ = {isa = PBXBuildFile; fileRef = C4FE6055B66B1402A9BA91C3 /* ServerSetupViewModel.swift */; };
		1D774975C65325A9AA287BFE /* DiscoverViewModel.swift in Sources */ = {isa = PBXBuildFile; fileRef = B51E03581D50B930FC87D744 /* DiscoverViewModel.swift */; };
		1F1ED67C740C5C90822E0EFC /* URLNormalizer.swift in Sources */ = {isa = PBXBuildFile; fileRef = 27074C23E43436441EF6F02F /* URLNormalizer.swift */; };
		275EE5D12E2C4FACBEA06CE3 /* CollectionDetailViewModel.swift in Sources */ = {isa = PBXBuildFile; fileRef = 98D756A645A74A0BAA910B2F /* CollectionDetailViewModel.swift */; };
		2D532E27BE8FF1399DA2A3BF /* DiscoverMediaItemTests.swift in Sources */ = {isa = PBXBuildFile; fileRef = CC0E8AF893654BCD6C39AC12 /* DiscoverMediaItemTests.swift */; };
		33A190A8A3D8C96D0AD93BAE /* RequestCardView.swift in Sources */ = {isa = PBXBuildFile; fileRef = 4F9CACE529E1925DFDD5CF20 /* RequestCardView.swift */; };
		37D1C04FE387044755C68A47 /* SeerrModels.swift in Sources */ = {isa = PBXBuildFile; fileRef = CA9E349149C88570515FD1F3 /* SeerrModels.swift */; };
		3A1AD2811B79C6CE0AEEEB54 /* AboutSection.swift in Sources */ = {isa = PBXBuildFile; fileRef = 6EFE9A3868A19863AAB5B71E /* AboutSection.swift */; };
		40E85BB522FA06E3466A27BC /* MediaNavDestinations.swift in Sources */ = {isa = PBXBuildFile; fileRef = A87C5B119185D13BDC0B2ACC /* MediaNavDestinations.swift */; };
		438E49E22858126B23CF4BFF /* TMDBImageURL.swift in Sources */ = {isa = PBXBuildFile; fileRef = E69B950886B50BE2637AA796 /* TMDBImageURL.swift */; };
		461FA6B96694952B917DE8E2 /* MovieDetailViewModel.swift in Sources */ = {isa = PBXBuildFile; fileRef = 108613EEFAC5605F2FFE339D /* MovieDetailViewModel.swift */; };
		4A53C4364D7148F2F1325FC0 /* ProfileHeaderSection.swift in Sources */ = {isa = PBXBuildFile; fileRef = 9BB8BDD36E7E8BA1633E119B /* ProfileHeaderSection.swift */; };
		4C7C52B874F8ADB62D37FB1F /* WatchlistViewModelTests.swift in Sources */ = {isa = PBXBuildFile; fileRef = 487D98B554FDDAA3F90661D4 /* WatchlistViewModelTests.swift */; };
		70510000000000000000A010 /* SeerrClientTVApp.swift in Sources */ = {isa = PBXBuildFile; fileRef = 70510000000000000000A009 /* SeerrClientTVApp.swift */; };
		70510000000000000000A013 /* Assets-tvOS.xcassets in Resources */ = {isa = PBXBuildFile; fileRef = 70510000000000000000A012 /* Assets-tvOS.xcassets */; };
		70510000000000000000A015 /* ContentView-tvOS.swift in Sources */ = {isa = PBXBuildFile; fileRef = 70510000000000000000A014 /* ContentView-tvOS.swift */; };
		70510000000000000000B001 /* SeerrModels.swift in Sources */ = {isa = PBXBuildFile; fileRef = CA9E349149C88570515FD1F3 /* SeerrModels.swift */; };
		70510000000000000000B002 /* ServerConfiguration.swift in Sources */ = {isa = PBXBuildFile; fileRef = DBEB581AA47ACD7AC2BF46A2 /* ServerConfiguration.swift */; };
		70510000000000000000B003 /* APIEndpoints.swift in Sources */ = {isa = PBXBuildFile; fileRef = 7BA9BC8FEC91C03F2E9EF262 /* APIEndpoints.swift */; };
		70510000000000000000B004 /* APIError.swift in Sources */ = {isa = PBXBuildFile; fileRef = FFC276DA8E190B9425423E1A /* APIError.swift */; };
		70510000000000000000B005 /* SeerrAPIClient.swift in Sources */ = {isa = PBXBuildFile; fileRef = 35F23B78D85AD082DF788C99 /* SeerrAPIClient.swift */; };
		70510000000000000000B006 /* TrustManager.swift in Sources */ = {isa = PBXBuildFile; fileRef = B0A21FB0924B241FDC4D8DC9 /* TrustManager.swift */; };
		70510000000000000000B007 /* UITestURLProtocol.swift in Sources */ = {isa = PBXBuildFile; fileRef = B100000000000000000000011 /* UITestURLProtocol.swift */; };
		70510000000000000000B008 /* URLNormalizer.swift in Sources */ = {isa = PBXBuildFile; fileRef = 27074C23E43436441EF6F02F /* URLNormalizer.swift */; };
		70510000000000000000B009 /* KeychainManager.swift in Sources */ = {isa = PBXBuildFile; fileRef = 81677D5A77C4A46EED374C39 /* KeychainManager.swift */; };
		70510000000000000000B010 /* ServerStore.swift in Sources */ = {isa = PBXBuildFile; fileRef = FC2FF07F37E85C5506E7A09E /* ServerStore.swift */; };
		70510000000000000000B011 /* DateFormatting.swift in Sources */ = {isa = PBXBuildFile; fileRef = 9A002FFC73E8F244FA27489C /* DateFormatting.swift */; };
		70510000000000000000B012 /* Logger.swift in Sources */ = {isa = PBXBuildFile; fileRef = 199CDE54AD436C7475063960 /* Logger.swift */; };
		70510000000000000000B013 /* TMDBImageURL.swift in Sources */ = {isa = PBXBuildFile; fileRef = E69B950886B50BE2637AA796 /* TMDBImageURL.swift */; };
		70510000000000000000B014 /* ShimmerView.swift in Sources */ = {isa = PBXBuildFile; fileRef = 8B06681BFD58F3624A783EF4 /* ShimmerView.swift */; };
		70510000000000000000B015 /* MediaNavDestinations.swift in Sources */ = {isa = PBXBuildFile; fileRef = A87C5B119185D13BDC0B2ACC /* MediaNavDestinations.swift */; };
		70510000000000000000B016 /* TabSelectionPolicy.swift in Sources */ = {isa = PBXBuildFile; fileRef = C500000000000000000000002 /* TabSelectionPolicy.swift */; };
		70510000000000000000B017 /* AppState.swift in Sources */ = {isa = PBXBuildFile; fileRef = C9DF43906E0E406A94453EF1 /* AppState.swift */; };
		70510000000000000000B018 /* UITestSupport.swift in Sources */ = {isa = PBXBuildFile; fileRef = B100000000000000000000010 /* UITestSupport.swift */; };
		70510000000000000000B019 /* AuthRepository.swift in Sources */ = {isa = PBXBuildFile; fileRef = D74273EE34B44ADDCFCA9326 /* AuthRepository.swift */; };
		70510000000000000000B020 /* DiscoverRepository.swift in Sources */ = {isa = PBXBuildFile; fileRef = 2BB38D0BE2C5D424D1208B1C /* DiscoverRepository.swift */; };
		70510000000000000000B021 /* MediaDetailRepository.swift in Sources */ = {isa = PBXBuildFile; fileRef = 5971F7AFF27722D93F4B2C4A /* MediaDetailRepository.swift */; };
		70510000000000000000B022 /* ProfileRepository.swift in Sources */ = {isa = PBXBuildFile; fileRef = 78ABD9B388909ABD99B582D2 /* ProfileRepository.swift */; };
		70510000000000000000B023 /* RequestRepository.swift in Sources */ = {isa = PBXBuildFile; fileRef = 611335D5B4B13E4CCE58A230 /* RequestRepository.swift */; };
		70510000000000000000B024 /* SearchRepository.swift in Sources */ = {isa = PBXBuildFile; fileRef = 86D75F539EE4FB9EDCCD4FD8 /* SearchRepository.swift */; };
		70510000000000000000B025 /* ServerRepository.swift in Sources */ = {isa = PBXBuildFile; fileRef = 559DE2B239D468A40F567DF2 /* ServerRepository.swift */; };
		70510000000000000000B026 /* AuthViewModel.swift in Sources */ = {isa = PBXBuildFile; fileRef = 8B2E98367B74869339FA13D2 /* AuthViewModel.swift */; };
		70510000000000000000B027 /* DiscoverViewModel.swift in Sources */ = {isa = PBXBuildFile; fileRef = B51E03581D50B930FC87D744 /* DiscoverViewModel.swift */; };
		70510000000000000000B028 /* CollectionDetailViewModel.swift in Sources */ = {isa = PBXBuildFile; fileRef = 98D756A645A74A0BAA910B2F /* CollectionDetailViewModel.swift */; };
		70510000000000000000B029 /* MovieDetailViewModel.swift in Sources */ = {isa = PBXBuildFile; fileRef = 108613EEFAC5605F2FFE339D /* MovieDetailViewModel.swift */; };
		70510000000000000000B030 /* RequestDetailViewModel.swift in Sources */ = {isa = PBXBuildFile; fileRef = 5A22094D4EC82D7864FB6326 /* RequestDetailViewModel.swift */; };
		70510000000000000000B031 /* RequestListViewModel.swift in Sources */ = {isa = PBXBuildFile; fileRef = A8D1E4FA44C1BCA098500049 /* RequestListViewModel.swift */; };
		70510000000000000000B032 /* ProfileViewModel.swift in Sources */ = {isa = PBXBuildFile; fileRef = 08F8FBBCF15E572E36DDEE7D /* ProfileViewModel.swift */; };
		70510000000000000000B033 /* SearchViewModel.swift in Sources */ = {isa = PBXBuildFile; fileRef = B73FDBE818C29FCA8DBA88E3 /* SearchViewModel.swift */; };
		70510000000000000000B034 /* ServerSetupViewModel.swift in Sources */ = {isa = PBXBuildFile; fileRef = C4FE6055B66B1402A9BA91C3 /* ServerSetupViewModel.swift */; };
		70510000000000000000B035 /* TvShowDetailViewModel.swift in Sources */ = {isa = PBXBuildFile; fileRef = 1C8F1D3BB4C54F0F6C79EC2F /* TvShowDetailViewModel.swift */; };
		70510000000000000000B036 /* WatchlistViewModel.swift in Sources */ = {isa = PBXBuildFile; fileRef = FE74B4F94F2F612047C9284C /* WatchlistViewModel.swift */; };
		70510000000000000000C101 /* TVContentSupport.swift in Sources */ = {isa = PBXBuildFile; fileRef = 70510000000000000000C001 /* TVContentSupport.swift */; };
		70510000000000000000C102 /* TVDiscoverView.swift in Sources */ = {isa = PBXBuildFile; fileRef = 70510000000000000000C002 /* TVDiscoverView.swift */; };
		70510000000000000000C103 /* TVWatchlistView.swift in Sources */ = {isa = PBXBuildFile; fileRef = 70510000000000000000C003 /* TVWatchlistView.swift */; };
		70510000000000000000C104 /* TVRequestsView.swift in Sources */ = {isa = PBXBuildFile; fileRef = 70510000000000000000C004 /* TVRequestsView.swift */; };
		70510000000000000000C105 /* TVProfileView.swift in Sources */ = {isa = PBXBuildFile; fileRef = 70510000000000000000C005 /* TVProfileView.swift */; };
		70510000000000000000C106 /* TVMediaDetailView.swift in Sources */ = {isa = PBXBuildFile; fileRef = 70510000000000000000C006 /* TVMediaDetailView.swift */; };
		70510000000000000000C107 /* TVServerSetupView.swift in Sources */ = {isa = PBXBuildFile; fileRef = 70510000000000000000C007 /* TVServerSetupView.swift */; };
		70510000000000000000C108 /* TVLoginView.swift in Sources */ = {isa = PBXBuildFile; fileRef = 70510000000000000000C008 /* TVLoginView.swift */; };
		70510000000000000000C10A /* TVPlexOAuthView.swift in Sources */ = {isa = PBXBuildFile; fileRef = 70510000000000000000C00A /* TVPlexOAuthView.swift */; };
		50A385491AC7DE95CA94A5B8 /* CastCarouselView.swift in Sources */ = {isa = PBXBuildFile; fileRef = CA4D80AE934D8EE61E68CC5F /* CastCarouselView.swift */; };
		5836E1B8DF927AD0FF62F670 /* DiscoverSliderView.swift in Sources */ = {isa = PBXBuildFile; fileRef = BF2F9EE06CCC51F03BC5B4F6 /* DiscoverSliderView.swift */; };
		5B542C3F047A5AF18CCCDC1D /* ServerInfoSection.swift in Sources */ = {isa = PBXBuildFile; fileRef = B636B641B400144C5B4A9D6E /* ServerInfoSection.swift */; };
		603E724DBE734E63A8450DD1 /* SearchViewModel.swift in Sources */ = {isa = PBXBuildFile; fileRef = B73FDBE818C29FCA8DBA88E3 /* SearchViewModel.swift */; };
		604998903B3DE062D0A80B4A /* RequestListView.swift in Sources */ = {isa = PBXBuildFile; fileRef = 5AC32AD4CD10A6DEE1EBCC86 /* RequestListView.swift */; };
		60503E3F397F7F3187A6F4DB /* RequestsTabView.swift in Sources */ = {isa = PBXBuildFile; fileRef = 60503E3E397F7F3187A6F4DB /* RequestsTabView.swift */; };
		612001AFAADC8BD0E319C6BE /* AppState.swift in Sources */ = {isa = PBXBuildFile; fileRef = C9DF43906E0E406A94453EF1 /* AppState.swift */; };
		6A6FE03ED2C28204EEC4C76D /* CreateRequestView.swift in Sources */ = {isa = PBXBuildFile; fileRef = A1C72A5BFF47CB301F381200 /* CreateRequestView.swift */; };
		6B8D732746A2384EF02E059B /* RequestDetailView.swift in Sources */ = {isa = PBXBuildFile; fileRef = B71C254BEA64FC0AA7FDFAFB /* RequestDetailView.swift */; };
		6D6585C4A330CB578D545A69 /* SearchRepository.swift in Sources */ = {isa = PBXBuildFile; fileRef = 86D75F539EE4FB9EDCCD4FD8 /* SearchRepository.swift */; };
		7178751D0E4C7F87617CE4DB /* MediaDetailRepository.swift in Sources */ = {isa = PBXBuildFile; fileRef = 5971F7AFF27722D93F4B2C4A /* MediaDetailRepository.swift */; };
		71AD4E3660A3A157516A5398 /* ServerStore.swift in Sources */ = {isa = PBXBuildFile; fileRef = FC2FF07F37E85C5506E7A09E /* ServerStore.swift */; };
		73A00903F8C5DEC97082EBBA /* LaunchScreen.storyboard in Resources */ = {isa = PBXBuildFile; fileRef = ECDB627E4650345B0B45592B /* LaunchScreen.storyboard */; };
		75C8B13116A4CFA9FEA594E2 /* ServerRepository.swift in Sources */ = {isa = PBXBuildFile; fileRef = 559DE2B239D468A40F567DF2 /* ServerRepository.swift */; };
		766C6FB9EEAAAA6F5165E666 /* DiscoverView.swift in Sources */ = {isa = PBXBuildFile; fileRef = CFB1D51FC4F2154A8F0E010E /* DiscoverView.swift */; };
		7B40C0D92BEDFF87D286A3B9 /* MediaDetailHeroView.swift in Sources */ = {isa = PBXBuildFile; fileRef = 429FE31E1061D26176F2FF86 /* MediaDetailHeroView.swift */; };
		7CC72637AAF0D58C9996BDA2 /* MovieDetailView.swift in Sources */ = {isa = PBXBuildFile; fileRef = 6312DDACD311AA170C2B35B3 /* MovieDetailView.swift */; };
		7FB94BD3AC29CC5BFC7B12F6 /* Assets.xcassets in Resources */ = {isa = PBXBuildFile; fileRef = CEE87EED834463BD311560B9 /* Assets.xcassets */; };
		818482B08AC04D3CAECA4BFA /* CollectionDetailView.swift in Sources */ = {isa = PBXBuildFile; fileRef = BD6AD08FC1494D6184ACE7B2 /* CollectionDetailView.swift */; };
		824B6E4FC831874D7784FB8D /* MediaCardView.swift in Sources */ = {isa = PBXBuildFile; fileRef = E69D7F345716A3DE42F3294A /* MediaCardView.swift */; };
		835E30BA4370E001018A15FB /* SeerrAPIClient.swift in Sources */ = {isa = PBXBuildFile; fileRef = 35F23B78D85AD082DF788C99 /* SeerrAPIClient.swift */; };
		83957F5CCC7E0D4152487E92 /* ServerConfiguration.swift in Sources */ = {isa = PBXBuildFile; fileRef = DBEB581AA47ACD7AC2BF46A2 /* ServerConfiguration.swift */; };
		89032B00879D0EFBDF13B130 /* AppearanceSection.swift in Sources */ = {isa = PBXBuildFile; fileRef = E64979A476B83BBC55926763 /* AppearanceSection.swift */; };
		8F59C875CEBBBEBED7087067 /* ContentView.swift in Sources */ = {isa = PBXBuildFile; fileRef = 64C47E6800275508DB03C916 /* ContentView.swift */; };
		C500000000000000000000001 /* TabSelectionPolicy.swift in Sources */ = {isa = PBXBuildFile; fileRef = C500000000000000000000002 /* TabSelectionPolicy.swift */; };
		C500000000000000000000003 /* TabSelectionPolicyTests.swift in Sources */ = {isa = PBXBuildFile; fileRef = C500000000000000000000004 /* TabSelectionPolicyTests.swift */; };
		904A35C863CBE48F8DC6ADC7 /* ServerDetectionResultTests.swift in Sources */ = {isa = PBXBuildFile; fileRef = 66E1E51275191AF431112E6C /* ServerDetectionResultTests.swift */; };
		90A14736E1D13B3C56831BB9 /* EpisodeListView.swift in Sources */ = {isa = PBXBuildFile; fileRef = D817ADAEC73E667AF2AACDDB /* EpisodeListView.swift */; };
		96C066C75C2CBF615B50285E /* KeychainManager.swift in Sources */ = {isa = PBXBuildFile; fileRef = 81677D5A77C4A46EED374C39 /* KeychainManager.swift */; };
		9984D7327D96E96DF674D6E2 /* ProfileView.swift in Sources */ = {isa = PBXBuildFile; fileRef = 6B80980E75F51890E352DE28 /* ProfileView.swift */; };
		9C1ABC8EA6F97142A90A8646 /* StatusBadgeView.swift in Sources */ = {isa = PBXBuildFile; fileRef = 01BAF214E68CE207CB709358 /* StatusBadgeView.swift */; };
		9D25E67C34BAC8908C5675B8 /* DateFormatting.swift in Sources */ = {isa = PBXBuildFile; fileRef = 9A002FFC73E8F244FA27489C /* DateFormatting.swift */; };
		A2EC57FB5898FBD0797C9167 /* DiscoverRepository.swift in Sources */ = {isa = PBXBuildFile; fileRef = 2BB38D0BE2C5D424D1208B1C /* DiscoverRepository.swift */; };
		A9A94BAEC92FCCFE259FEA6C /* MockWatchlistFetcher.swift in Sources */ = {isa = PBXBuildFile; fileRef = D61F6815EFC57AC8DF4F8424 /* MockWatchlistFetcher.swift */; };
		ADC3CAE700D8F42DF35CED6D /* ProfileRepository.swift in Sources */ = {isa = PBXBuildFile; fileRef = 78ABD9B388909ABD99B582D2 /* ProfileRepository.swift */; };
		B069B98E3F89B59A8A90E7E6 /* AuthRepository.swift in Sources */ = {isa = PBXBuildFile; fileRef = D74273EE34B44ADDCFCA9326 /* AuthRepository.swift */; };
		B100000000000000000000001 /* WatchlistRemovalUITests.swift in Sources */ = {isa = PBXBuildFile; fileRef = B100000000000000000000002 /* WatchlistRemovalUITests.swift */; };
		B200000000000000000000001 /* TabNavigator.swift in Sources */ = {isa = PBXBuildFile; fileRef = B200000000000000000000002 /* TabNavigator.swift */; };
		B200000000000000000000003 /* TabNavigationUITests.swift in Sources */ = {isa = PBXBuildFile; fileRef = B200000000000000000000004 /* TabNavigationUITests.swift */; };
		B200000000000000000000005 /* IPadSidebarSplitUITests.swift in Sources */ = {isa = PBXBuildFile; fileRef = B200000000000000000000006 /* IPadSidebarSplitUITests.swift */; };
		B10000000000000000000000E /* UITestSupport.swift in Sources */ = {isa = PBXBuildFile; fileRef = B100000000000000000000010 /* UITestSupport.swift */; };
		B10000000000000000000000F /* UITestURLProtocol.swift in Sources */ = {isa = PBXBuildFile; fileRef = B100000000000000000000011 /* UITestURLProtocol.swift */; };
		B3C998630B5747E9F90FA870 /* ShimmerView.swift in Sources */ = {isa = PBXBuildFile; fileRef = 8B06681BFD58F3624A783EF4 /* ShimmerView.swift */; };
		B4AFE01403540AC0F4BC0B29 /* ProfileViewModel.swift in Sources */ = {isa = PBXBuildFile; fileRef = 08F8FBBCF15E572E36DDEE7D /* ProfileViewModel.swift */; };
		B4D887908584618E9FC565BE /* CastCardView.swift in Sources */ = {isa = PBXBuildFile; fileRef = DFC5117590DD72AE3D81042E /* CastCardView.swift */; };
		C1A000000000000000000001 /* CollectionDetailViewModelTests.swift in Sources */ = {isa = PBXBuildFile; fileRef = C1A000000000000000000002 /* CollectionDetailViewModelTests.swift */; };
		C1A000000000000000000003 /* CollectionRequestSelectionUITests.swift in Sources */ = {isa = PBXBuildFile; fileRef = C1A000000000000000000004 /* CollectionRequestSelectionUITests.swift */; };
		C81ACF65AEC85C2BE17AD7C8 /* MediaHorizontalRowView.swift in Sources */ = {isa = PBXBuildFile; fileRef = 52CACE715F2E81DB7F34E04B /* MediaHorizontalRowView.swift */; };
		CA8605D14239CC1AEA63810E /* APIError.swift in Sources */ = {isa = PBXBuildFile; fileRef = FFC276DA8E190B9425423E1A /* APIError.swift */; };
		CCD17EDC58FE4B43227F94D9 /* RequestDetailViewModel.swift in Sources */ = {isa = PBXBuildFile; fileRef = 5A22094D4EC82D7864FB6326 /* RequestDetailViewModel.swift */; };
		CCEF1D14174C59AA639BA4CC /* SearchView.swift in Sources */ = {isa = PBXBuildFile; fileRef = CA416916A3938B893C902DD4 /* SearchView.swift */; };
		CD001BD7344277CB74D31AE6 /* MediaMetadataView.swift in Sources */ = {isa = PBXBuildFile; fileRef = 08B59BC79632764E4364FC5D /* MediaMetadataView.swift */; };
		D19B94F99FAA27AB7178C413 /* RequestListViewModel.swift in Sources */ = {isa = PBXBuildFile; fileRef = A8D1E4FA44C1BCA098500049 /* RequestListViewModel.swift */; };
		D2A000000000000000000001 /* AboutContentTests.swift in Sources */ = {isa = PBXBuildFile; fileRef = D2A000000000000000000002 /* AboutContentTests.swift */; };
		D2A000000000000000000003 /* AboutNavigationUITests.swift in Sources */ = {isa = PBXBuildFile; fileRef = D2A000000000000000000004 /* AboutNavigationUITests.swift */; };
		D58807F56B65059BE9B9E4D3 /* LaunchAnimationView.swift in Sources */ = {isa = PBXBuildFile; fileRef = 5DB4DD510E4FB75A20BEB26F /* LaunchAnimationView.swift */; };
		D78639ED60ED84756C488395 /* PlexOAuthView.swift in Sources */ = {isa = PBXBuildFile; fileRef = 51003BCD28BD393CA457D535 /* PlexOAuthView.swift */; };
		DE2A923196AD601DAC8DA4E3 /* Logger.swift in Sources */ = {isa = PBXBuildFile; fileRef = 199CDE54AD436C7475063960 /* Logger.swift */; };
		DE5050F748DD9EEACEBE82DB /* SeerrClientApp.swift in Sources */ = {isa = PBXBuildFile; fileRef = FFB67CD0DFFCE6295E9E87C8 /* SeerrClientApp.swift */; };
		DF45A146DF57543F5ED69041 /* SeerrModelsTests.swift in Sources */ = {isa = PBXBuildFile; fileRef = 31A65F11D0875344C5E92CB0 /* SeerrModelsTests.swift */; };
		E3A000000000000000000001 /* RequestListViewModelTests.swift in Sources */ = {isa = PBXBuildFile; fileRef = E3A000000000000000000004 /* RequestListViewModelTests.swift */; };
		E3A000000000000000000002 /* MockRequestListFetcher.swift in Sources */ = {isa = PBXBuildFile; fileRef = E3A000000000000000000005 /* MockRequestListFetcher.swift */; };
		E3A000000000000000000003 /* RequestListSegmentedUITests.swift in Sources */ = {isa = PBXBuildFile; fileRef = E3A000000000000000000006 /* RequestListSegmentedUITests.swift */; };
		E84A482CE2ADC7B1068FCF3D /* LoginView.swift in Sources */ = {isa = PBXBuildFile; fileRef = E4E772FA7B51A7222166D1DA /* LoginView.swift */; };
		E84C0783AF168F636CEB3657 /* ServerListView.swift in Sources */ = {isa = PBXBuildFile; fileRef = 7CCAD2AEBC9B5070D704CC42 /* ServerListView.swift */; };
		E8C3A103AD6602824EC110A2 /* AddServerView.swift in Sources */ = {isa = PBXBuildFile; fileRef = 1D03BFDAA57BCFD1563B4547 /* AddServerView.swift */; };
		E993B77992A98112EF184EF9 /* SearchFiltersView.swift in Sources */ = {isa = PBXBuildFile; fileRef = 8691565367C74E25BBCE6CCA /* SearchFiltersView.swift */; };
		EB6E943C4684F95360979B52 /* RequestSummarySection.swift in Sources */ = {isa = PBXBuildFile; fileRef = 20B65E40D6328D4F11B39C90 /* RequestSummarySection.swift */; };
		EC8FF0FE880AC023DF8143C9 /* TrustManager.swift in Sources */ = {isa = PBXBuildFile; fileRef = B0A21FB0924B241FDC4D8DC9 /* TrustManager.swift */; };
		F0EA0C332F429674B0BD38F3 /* TvShowDetailViewModel.swift in Sources */ = {isa = PBXBuildFile; fileRef = 1C8F1D3BB4C54F0F6C79EC2F /* TvShowDetailViewModel.swift */; };
		F4A000000000000000000001 /* AppStateNavigationTests.swift in Sources */ = {isa = PBXBuildFile; fileRef = F4A000000000000000000002 /* AppStateNavigationTests.swift */; };
		F4A000000000000000000003 /* LaunchFlowUITests.swift in Sources */ = {isa = PBXBuildFile; fileRef = F4A000000000000000000004 /* LaunchFlowUITests.swift */; };
		F5E75B8DCEA4839422965BF1 /* APIEndpoints.swift in Sources */ = {isa = PBXBuildFile; fileRef = 7BA9BC8FEC91C03F2E9EF262 /* APIEndpoints.swift */; };
		FA4712AA673C6908505E1549 /* PersonSearchCardView.swift in Sources */ = {isa = PBXBuildFile; fileRef = 2DD05BFBDB2A8FDE3892F0A7 /* PersonSearchCardView.swift */; };
/* End PBXBuildFile section */

/* Begin PBXContainerItemProxy section */
		A553AA1E29B70026AD56A011 /* PBXContainerItemProxy */ = {
			isa = PBXContainerItemProxy;
			containerPortal = D4DC02BCE452C41F4C338432 /* Project object */;
			proxyType = 1;
			remoteGlobalIDString = 9EA76F0C1C79685436156160;
			remoteInfo = SeerrClient;
		};
		B100000000000000000000005 /* PBXContainerItemProxy */ = {
			isa = PBXContainerItemProxy;
			containerPortal = D4DC02BCE452C41F4C338432 /* Project object */;
			proxyType = 1;
			remoteGlobalIDString = 9EA76F0C1C79685436156160;
			remoteInfo = SeerrClient;
		};
/* End PBXContainerItemProxy section */

/* Begin PBXFileReference section */
		0008919C3BEB59A2D341CC18 /* WatchlistView.swift */ = {isa = PBXFileReference; lastKnownFileType = sourcecode.swift; path = WatchlistView.swift; sourceTree = "<group>"; };
		006621B1BAB219A3DA268155 /* RequestButtonView.swift */ = {isa = PBXFileReference; lastKnownFileType = sourcecode.swift; path = RequestButtonView.swift; sourceTree = "<group>"; };
		01BAF214E68CE207CB709358 /* StatusBadgeView.swift */ = {isa = PBXFileReference; lastKnownFileType = sourcecode.swift; path = StatusBadgeView.swift; sourceTree = "<group>"; };
		08B59BC79632764E4364FC5D /* MediaMetadataView.swift */ = {isa = PBXFileReference; lastKnownFileType = sourcecode.swift; path = MediaMetadataView.swift; sourceTree = "<group>"; };
		08F8FBBCF15E572E36DDEE7D /* ProfileViewModel.swift */ = {isa = PBXFileReference; lastKnownFileType = sourcecode.swift; path = ProfileViewModel.swift; sourceTree = "<group>"; };
		108613EEFAC5605F2FFE339D /* MovieDetailViewModel.swift */ = {isa = PBXFileReference; lastKnownFileType = sourcecode.swift; path = MovieDetailViewModel.swift; sourceTree = "<group>"; };
		199CDE54AD436C7475063960 /* Logger.swift */ = {isa = PBXFileReference; lastKnownFileType = sourcecode.swift; path = Logger.swift; sourceTree = "<group>"; };
		1C8F1D3BB4C54F0F6C79EC2F /* TvShowDetailViewModel.swift */ = {isa = PBXFileReference; lastKnownFileType = sourcecode.swift; path = TvShowDetailViewModel.swift; sourceTree = "<group>"; };
		1D03BFDAA57BCFD1563B4547 /* AddServerView.swift */ = {isa = PBXFileReference; lastKnownFileType = sourcecode.swift; path = AddServerView.swift; sourceTree = "<group>"; };
		20B65E40D6328D4F11B39C90 /* RequestSummarySection.swift */ = {isa = PBXFileReference; lastKnownFileType = sourcecode.swift; path = RequestSummarySection.swift; sourceTree = "<group>"; };
		27074C23E43436441EF6F02F /* URLNormalizer.swift */ = {isa = PBXFileReference; lastKnownFileType = sourcecode.swift; path = URLNormalizer.swift; sourceTree = "<group>"; };
		2BB38D0BE2C5D424D1208B1C /* DiscoverRepository.swift */ = {isa = PBXFileReference; lastKnownFileType = sourcecode.swift; path = DiscoverRepository.swift; sourceTree = "<group>"; };
		2DD05BFBDB2A8FDE3892F0A7 /* PersonSearchCardView.swift */ = {isa = PBXFileReference; lastKnownFileType = sourcecode.swift; path = PersonSearchCardView.swift; sourceTree = "<group>"; };
		2EBB05AAEDED3FBD74CE5011 /* EpisodeCardView.swift */ = {isa = PBXFileReference; lastKnownFileType = sourcecode.swift; path = EpisodeCardView.swift; sourceTree = "<group>"; };
		31A65F11D0875344C5E92CB0 /* SeerrModelsTests.swift */ = {isa = PBXFileReference; lastKnownFileType = sourcecode.swift; path = SeerrModelsTests.swift; sourceTree = "<group>"; };
		35F23B78D85AD082DF788C99 /* SeerrAPIClient.swift */ = {isa = PBXFileReference; lastKnownFileType = sourcecode.swift; path = SeerrAPIClient.swift; sourceTree = "<group>"; };
		3DA21C4FF404997FFF405DA9 /* Info.plist */ = {isa = PBXFileReference; lastKnownFileType = text.plist; path = Info.plist; sourceTree = "<group>"; };
		429FE31E1061D26176F2FF86 /* MediaDetailHeroView.swift */ = {isa = PBXFileReference; lastKnownFileType = sourcecode.swift; path = MediaDetailHeroView.swift; sourceTree = "<group>"; };
		487D98B554FDDAA3F90661D4 /* WatchlistViewModelTests.swift */ = {isa = PBXFileReference; lastKnownFileType = sourcecode.swift; path = WatchlistViewModelTests.swift; sourceTree = "<group>"; };
		4D82C291E836C1E1D59DFF4B /* SeerrClientTests.xctest */ = {isa = PBXFileReference; explicitFileType = wrapper.cfbundle; includeInIndex = 0; path = SeerrClientTests.xctest; sourceTree = BUILT_PRODUCTS_DIR; };
		4F9CACE529E1925DFDD5CF20 /* RequestCardView.swift */ = {isa = PBXFileReference; lastKnownFileType = sourcecode.swift; path = RequestCardView.swift; sourceTree = "<group>"; };
		51003BCD28BD393CA457D535 /* PlexOAuthView.swift */ = {isa = PBXFileReference; lastKnownFileType = sourcecode.swift; path = PlexOAuthView.swift; sourceTree = "<group>"; };
		52CACE715F2E81DB7F34E04B /* MediaHorizontalRowView.swift */ = {isa = PBXFileReference; lastKnownFileType = sourcecode.swift; path = MediaHorizontalRowView.swift; sourceTree = "<group>"; };
		559DE2B239D468A40F567DF2 /* ServerRepository.swift */ = {isa = PBXFileReference; lastKnownFileType = sourcecode.swift; path = ServerRepository.swift; sourceTree = "<group>"; };
		5971F7AFF27722D93F4B2C4A /* MediaDetailRepository.swift */ = {isa = PBXFileReference; lastKnownFileType = sourcecode.swift; path = MediaDetailRepository.swift; sourceTree = "<group>"; };
		5A22094D4EC82D7864FB6326 /* RequestDetailViewModel.swift */ = {isa = PBXFileReference; lastKnownFileType = sourcecode.swift; path = RequestDetailViewModel.swift; sourceTree = "<group>"; };
		5AC32AD4CD10A6DEE1EBCC86 /* RequestListView.swift */ = {isa = PBXFileReference; lastKnownFileType = sourcecode.swift; path = RequestListView.swift; sourceTree = "<group>"; };
		60503E3E397F7F3187A6F4DB /* RequestsTabView.swift */ = {isa = PBXFileReference; lastKnownFileType = sourcecode.swift; path = RequestsTabView.swift; sourceTree = "<group>"; };
		5DB4DD510E4FB75A20BEB26F /* LaunchAnimationView.swift */ = {isa = PBXFileReference; lastKnownFileType = sourcecode.swift; path = LaunchAnimationView.swift; sourceTree = "<group>"; };
		611335D5B4B13E4CCE58A230 /* RequestRepository.swift */ = {isa = PBXFileReference; lastKnownFileType = sourcecode.swift; path = RequestRepository.swift; sourceTree = "<group>"; };
		6312DDACD311AA170C2B35B3 /* MovieDetailView.swift */ = {isa = PBXFileReference; lastKnownFileType = sourcecode.swift; path = MovieDetailView.swift; sourceTree = "<group>"; };
		64C47E6800275508DB03C916 /* ContentView.swift */ = {isa = PBXFileReference; lastKnownFileType = sourcecode.swift; path = ContentView.swift; sourceTree = "<group>"; };
		C500000000000000000000002 /* TabSelectionPolicy.swift */ = {isa = PBXFileReference; lastKnownFileType = sourcecode.swift; path = TabSelectionPolicy.swift; sourceTree = "<group>"; };
		C500000000000000000000004 /* TabSelectionPolicyTests.swift */ = {isa = PBXFileReference; lastKnownFileType = sourcecode.swift; path = TabSelectionPolicyTests.swift; sourceTree = "<group>"; };
		66E1E51275191AF431112E6C /* ServerDetectionResultTests.swift */ = {isa = PBXFileReference; lastKnownFileType = sourcecode.swift; path = ServerDetectionResultTests.swift; sourceTree = "<group>"; };
		6B80980E75F51890E352DE28 /* ProfileView.swift */ = {isa = PBXFileReference; lastKnownFileType = sourcecode.swift; path = ProfileView.swift; sourceTree = "<group>"; };
		6EFE9A3868A19863AAB5B71E /* AboutSection.swift */ = {isa = PBXFileReference; lastKnownFileType = sourcecode.swift; path = AboutSection.swift; sourceTree = "<group>"; };
		70510000000000000000A002 /* SeerrClientTV.app */ = {isa = PBXFileReference; explicitFileType = wrapper.application; includeInIndex = 0; path = SeerrClientTV.app; sourceTree = BUILT_PRODUCTS_DIR; };
		70510000000000000000A009 /* SeerrClientTVApp.swift */ = {isa = PBXFileReference; lastKnownFileType = sourcecode.swift; path = SeerrClientTVApp.swift; sourceTree = "<group>"; };
		70510000000000000000A014 /* ContentView-tvOS.swift */ = {isa = PBXFileReference; lastKnownFileType = sourcecode.swift; path = "ContentView-tvOS.swift"; sourceTree = "<group>"; };
		70510000000000000000C001 /* TVContentSupport.swift */ = {isa = PBXFileReference; lastKnownFileType = sourcecode.swift; path = TVContentSupport.swift; sourceTree = "<group>"; };
		70510000000000000000C002 /* TVDiscoverView.swift */ = {isa = PBXFileReference; lastKnownFileType = sourcecode.swift; path = TVDiscoverView.swift; sourceTree = "<group>"; };
		70510000000000000000C003 /* TVWatchlistView.swift */ = {isa = PBXFileReference; lastKnownFileType = sourcecode.swift; path = TVWatchlistView.swift; sourceTree = "<group>"; };
		70510000000000000000C004 /* TVRequestsView.swift */ = {isa = PBXFileReference; lastKnownFileType = sourcecode.swift; path = TVRequestsView.swift; sourceTree = "<group>"; };
		70510000000000000000C005 /* TVProfileView.swift */ = {isa = PBXFileReference; lastKnownFileType = sourcecode.swift; path = TVProfileView.swift; sourceTree = "<group>"; };
		70510000000000000000C006 /* TVMediaDetailView.swift */ = {isa = PBXFileReference; lastKnownFileType = sourcecode.swift; path = TVMediaDetailView.swift; sourceTree = "<group>"; };
		70510000000000000000C007 /* TVServerSetupView.swift */ = {isa = PBXFileReference; lastKnownFileType = sourcecode.swift; path = TVServerSetupView.swift; sourceTree = "<group>"; };
		70510000000000000000C008 /* TVLoginView.swift */ = {isa = PBXFileReference; lastKnownFileType = sourcecode.swift; path = TVLoginView.swift; sourceTree = "<group>"; };
		70510000000000000000C00A /* TVPlexOAuthView.swift */ = {isa = PBXFileReference; lastKnownFileType = sourcecode.swift; path = TVPlexOAuthView.swift; sourceTree = "<group>"; };
		70510000000000000000A011 /* Info-tvOS.plist */ = {isa = PBXFileReference; lastKnownFileType = text.plist.xml; path = "Info-tvOS.plist"; sourceTree = "<group>"; };
		70510000000000000000A012 /* Assets-tvOS.xcassets */ = {isa = PBXFileReference; lastKnownFileType = folder.assetcatalog; path = "Assets-tvOS.xcassets"; sourceTree = "<group>"; };
		78ABD9B388909ABD99B582D2 /* ProfileRepository.swift */ = {isa = PBXFileReference; lastKnownFileType = sourcecode.swift; path = ProfileRepository.swift; sourceTree = "<group>"; };
		7BA9BC8FEC91C03F2E9EF262 /* APIEndpoints.swift */ = {isa = PBXFileReference; lastKnownFileType = sourcecode.swift; path = APIEndpoints.swift; sourceTree = "<group>"; };
		7CCAD2AEBC9B5070D704CC42 /* ServerListView.swift */ = {isa = PBXFileReference; lastKnownFileType = sourcecode.swift; path = ServerListView.swift; sourceTree = "<group>"; };
		81677D5A77C4A46EED374C39 /* KeychainManager.swift */ = {isa = PBXFileReference; lastKnownFileType = sourcecode.swift; path = KeychainManager.swift; sourceTree = "<group>"; };
		8691565367C74E25BBCE6CCA /* SearchFiltersView.swift */ = {isa = PBXFileReference; lastKnownFileType = sourcecode.swift; path = SearchFiltersView.swift; sourceTree = "<group>"; };
		86D75F539EE4FB9EDCCD4FD8 /* SearchRepository.swift */ = {isa = PBXFileReference; lastKnownFileType = sourcecode.swift; path = SearchRepository.swift; sourceTree = "<group>"; };
		8B06681BFD58F3624A783EF4 /* ShimmerView.swift */ = {isa = PBXFileReference; lastKnownFileType = sourcecode.swift; path = ShimmerView.swift; sourceTree = "<group>"; };
		8B2E98367B74869339FA13D2 /* AuthViewModel.swift */ = {isa = PBXFileReference; lastKnownFileType = sourcecode.swift; path = AuthViewModel.swift; sourceTree = "<group>"; };
		98D756A645A74A0BAA910B2F /* CollectionDetailViewModel.swift */ = {isa = PBXFileReference; lastKnownFileType = sourcecode.swift; path = CollectionDetailViewModel.swift; sourceTree = "<group>"; };
		9A002FFC73E8F244FA27489C /* DateFormatting.swift */ = {isa = PBXFileReference; lastKnownFileType = sourcecode.swift; path = DateFormatting.swift; sourceTree = "<group>"; };
		9BB8BDD36E7E8BA1633E119B /* ProfileHeaderSection.swift */ = {isa = PBXFileReference; lastKnownFileType = sourcecode.swift; path = ProfileHeaderSection.swift; sourceTree = "<group>"; };
		A1C72A5BFF47CB301F381200 /* CreateRequestView.swift */ = {isa = PBXFileReference; lastKnownFileType = sourcecode.swift; path = CreateRequestView.swift; sourceTree = "<group>"; };
		A87C5B119185D13BDC0B2ACC /* MediaNavDestinations.swift */ = {isa = PBXFileReference; lastKnownFileType = sourcecode.swift; path = MediaNavDestinations.swift; sourceTree = "<group>"; };
		A8D1E4FA44C1BCA098500049 /* RequestListViewModel.swift */ = {isa = PBXFileReference; lastKnownFileType = sourcecode.swift; path = RequestListViewModel.swift; sourceTree = "<group>"; };
		B0A21FB0924B241FDC4D8DC9 /* TrustManager.swift */ = {isa = PBXFileReference; lastKnownFileType = sourcecode.swift; path = TrustManager.swift; sourceTree = "<group>"; };
		B100000000000000000000002 /* WatchlistRemovalUITests.swift */ = {isa = PBXFileReference; lastKnownFileType = sourcecode.swift; path = WatchlistRemovalUITests.swift; sourceTree = "<group>"; };
		B100000000000000000000003 /* SeerrClientUITests.xctest */ = {isa = PBXFileReference; explicitFileType = wrapper.cfbundle; includeInIndex = 0; path = SeerrClientUITests.xctest; sourceTree = BUILT_PRODUCTS_DIR; };
		B100000000000000000000010 /* UITestSupport.swift */ = {isa = PBXFileReference; lastKnownFileType = sourcecode.swift; path = UITestSupport.swift; sourceTree = "<group>"; };
		B100000000000000000000011 /* UITestURLProtocol.swift */ = {isa = PBXFileReference; lastKnownFileType = sourcecode.swift; path = UITestURLProtocol.swift; sourceTree = "<group>"; };
		B200000000000000000000002 /* TabNavigator.swift */ = {isa = PBXFileReference; lastKnownFileType = sourcecode.swift; path = TabNavigator.swift; sourceTree = "<group>"; };
		B200000000000000000000004 /* TabNavigationUITests.swift */ = {isa = PBXFileReference; lastKnownFileType = sourcecode.swift; path = TabNavigationUITests.swift; sourceTree = "<group>"; };
		B200000000000000000000006 /* IPadSidebarSplitUITests.swift */ = {isa = PBXFileReference; lastKnownFileType = sourcecode.swift; path = IPadSidebarSplitUITests.swift; sourceTree = "<group>"; };
		B51E03581D50B930FC87D744 /* DiscoverViewModel.swift */ = {isa = PBXFileReference; lastKnownFileType = sourcecode.swift; path = DiscoverViewModel.swift; sourceTree = "<group>"; };
		B636B641B400144C5B4A9D6E /* ServerInfoSection.swift */ = {isa = PBXFileReference; lastKnownFileType = sourcecode.swift; path = ServerInfoSection.swift; sourceTree = "<group>"; };
		B71C254BEA64FC0AA7FDFAFB /* RequestDetailView.swift */ = {isa = PBXFileReference; lastKnownFileType = sourcecode.swift; path = RequestDetailView.swift; sourceTree = "<group>"; };
		B73FDBE818C29FCA8DBA88E3 /* SearchViewModel.swift */ = {isa = PBXFileReference; lastKnownFileType = sourcecode.swift; path = SearchViewModel.swift; sourceTree = "<group>"; };
		BD6AD08FC1494D6184ACE7B2 /* CollectionDetailView.swift */ = {isa = PBXFileReference; lastKnownFileType = sourcecode.swift; path = CollectionDetailView.swift; sourceTree = "<group>"; };
		BF2F9EE06CCC51F03BC5B4F6 /* DiscoverSliderView.swift */ = {isa = PBXFileReference; lastKnownFileType = sourcecode.swift; path = DiscoverSliderView.swift; sourceTree = "<group>"; };
		C1A000000000000000000002 /* CollectionDetailViewModelTests.swift */ = {isa = PBXFileReference; lastKnownFileType = sourcecode.swift; path = CollectionDetailViewModelTests.swift; sourceTree = "<group>"; };
		C1A000000000000000000004 /* CollectionRequestSelectionUITests.swift */ = {isa = PBXFileReference; lastKnownFileType = sourcecode.swift; path = CollectionRequestSelectionUITests.swift; sourceTree = "<group>"; };
		C4FE6055B66B1402A9BA91C3 /* ServerSetupViewModel.swift */ = {isa = PBXFileReference; lastKnownFileType = sourcecode.swift; path = ServerSetupViewModel.swift; sourceTree = "<group>"; };
		C9DF43906E0E406A94453EF1 /* AppState.swift */ = {isa = PBXFileReference; lastKnownFileType = sourcecode.swift; path = AppState.swift; sourceTree = "<group>"; };
		CA416916A3938B893C902DD4 /* SearchView.swift */ = {isa = PBXFileReference; lastKnownFileType = sourcecode.swift; path = SearchView.swift; sourceTree = "<group>"; };
		CA4D80AE934D8EE61E68CC5F /* CastCarouselView.swift */ = {isa = PBXFileReference; lastKnownFileType = sourcecode.swift; path = CastCarouselView.swift; sourceTree = "<group>"; };
		CA9E349149C88570515FD1F3 /* SeerrModels.swift */ = {isa = PBXFileReference; lastKnownFileType = sourcecode.swift; path = SeerrModels.swift; sourceTree = "<group>"; };
		CC0E8AF893654BCD6C39AC12 /* DiscoverMediaItemTests.swift */ = {isa = PBXFileReference; lastKnownFileType = sourcecode.swift; path = DiscoverMediaItemTests.swift; sourceTree = "<group>"; };
		CEE87EED834463BD311560B9 /* Assets.xcassets */ = {isa = PBXFileReference; lastKnownFileType = folder.assetcatalog; path = Assets.xcassets; sourceTree = "<group>"; };
		CFB1D51FC4F2154A8F0E010E /* DiscoverView.swift */ = {isa = PBXFileReference; lastKnownFileType = sourcecode.swift; path = DiscoverView.swift; sourceTree = "<group>"; };
		D2A000000000000000000002 /* AboutContentTests.swift */ = {isa = PBXFileReference; lastKnownFileType = sourcecode.swift; path = AboutContentTests.swift; sourceTree = "<group>"; };
		D2A000000000000000000004 /* AboutNavigationUITests.swift */ = {isa = PBXFileReference; lastKnownFileType = sourcecode.swift; path = AboutNavigationUITests.swift; sourceTree = "<group>"; };
		D61F6815EFC57AC8DF4F8424 /* MockWatchlistFetcher.swift */ = {isa = PBXFileReference; lastKnownFileType = sourcecode.swift; path = MockWatchlistFetcher.swift; sourceTree = "<group>"; };
		D74273EE34B44ADDCFCA9326 /* AuthRepository.swift */ = {isa = PBXFileReference; lastKnownFileType = sourcecode.swift; path = AuthRepository.swift; sourceTree = "<group>"; };
		D817ADAEC73E667AF2AACDDB /* EpisodeListView.swift */ = {isa = PBXFileReference; lastKnownFileType = sourcecode.swift; path = EpisodeListView.swift; sourceTree = "<group>"; };
		DBEB581AA47ACD7AC2BF46A2 /* ServerConfiguration.swift */ = {isa = PBXFileReference; lastKnownFileType = sourcecode.swift; path = ServerConfiguration.swift; sourceTree = "<group>"; };
		DFC5117590DD72AE3D81042E /* CastCardView.swift */ = {isa = PBXFileReference; lastKnownFileType = sourcecode.swift; path = CastCardView.swift; sourceTree = "<group>"; };
		E3A000000000000000000004 /* RequestListViewModelTests.swift */ = {isa = PBXFileReference; lastKnownFileType = sourcecode.swift; path = RequestListViewModelTests.swift; sourceTree = "<group>"; };
		E3A000000000000000000005 /* MockRequestListFetcher.swift */ = {isa = PBXFileReference; lastKnownFileType = sourcecode.swift; path = MockRequestListFetcher.swift; sourceTree = "<group>"; };
		E3A000000000000000000006 /* RequestListSegmentedUITests.swift */ = {isa = PBXFileReference; lastKnownFileType = sourcecode.swift; path = RequestListSegmentedUITests.swift; sourceTree = "<group>"; };
		E418DBD74F0261757BAE65C2 /* SeerrClient.app */ = {isa = PBXFileReference; explicitFileType = wrapper.application; includeInIndex = 0; path = SeerrClient.app; sourceTree = BUILT_PRODUCTS_DIR; };
		E4E772FA7B51A7222166D1DA /* LoginView.swift */ = {isa = PBXFileReference; lastKnownFileType = sourcecode.swift; path = LoginView.swift; sourceTree = "<group>"; };
		E64979A476B83BBC55926763 /* AppearanceSection.swift */ = {isa = PBXFileReference; lastKnownFileType = sourcecode.swift; path = AppearanceSection.swift; sourceTree = "<group>"; };
		E69B950886B50BE2637AA796 /* TMDBImageURL.swift */ = {isa = PBXFileReference; lastKnownFileType = sourcecode.swift; path = TMDBImageURL.swift; sourceTree = "<group>"; };
		E69D7F345716A3DE42F3294A /* MediaCardView.swift */ = {isa = PBXFileReference; lastKnownFileType = sourcecode.swift; path = MediaCardView.swift; sourceTree = "<group>"; };
		ECDB627E4650345B0B45592B /* LaunchScreen.storyboard */ = {isa = PBXFileReference; lastKnownFileType = file.storyboard; path = LaunchScreen.storyboard; sourceTree = "<group>"; };
		F4A000000000000000000002 /* AppStateNavigationTests.swift */ = {isa = PBXFileReference; lastKnownFileType = sourcecode.swift; path = AppStateNavigationTests.swift; sourceTree = "<group>"; };
		F4A000000000000000000004 /* LaunchFlowUITests.swift */ = {isa = PBXFileReference; lastKnownFileType = sourcecode.swift; path = LaunchFlowUITests.swift; sourceTree = "<group>"; };
		FC2FF07F37E85C5506E7A09E /* ServerStore.swift */ = {isa = PBXFileReference; lastKnownFileType = sourcecode.swift; path = ServerStore.swift; sourceTree = "<group>"; };
		FE74B4F94F2F612047C9284C /* WatchlistViewModel.swift */ = {isa = PBXFileReference; lastKnownFileType = sourcecode.swift; path = WatchlistViewModel.swift; sourceTree = "<group>"; };
		FF31ECDFD93EF7800E74AFA1 /* TvShowDetailView.swift */ = {isa = PBXFileReference; lastKnownFileType = sourcecode.swift; path = TvShowDetailView.swift; sourceTree = "<group>"; };
		FFB67CD0DFFCE6295E9E87C8 /* SeerrClientApp.swift */ = {isa = PBXFileReference; lastKnownFileType = sourcecode.swift; path = SeerrClientApp.swift; sourceTree = "<group>"; };
		FFC276DA8E190B9425423E1A /* APIError.swift */ = {isa = PBXFileReference; lastKnownFileType = sourcecode.swift; path = APIError.swift; sourceTree = "<group>"; };
/* End PBXFileReference section */

/* Begin PBXFrameworksBuildPhase section */
		B10000000000000000000000D /* Frameworks */ = {
			isa = PBXFrameworksBuildPhase;
			buildActionMask = 2147483647;
			files = (
			);
			runOnlyForDeploymentPostprocessing = 0;
		};
/* End PBXFrameworksBuildPhase section */

/* Begin PBXGroup section */
		004F44999B4462628033354E /* ViewModels */ = {
			isa = PBXGroup;
			children = (
				108613EEFAC5605F2FFE339D /* MovieDetailViewModel.swift */,
				1C8F1D3BB4C54F0F6C79EC2F /* TvShowDetailViewModel.swift */,
				98D756A645A74A0BAA910B2F /* CollectionDetailViewModel.swift */,
			);
			path = ViewModels;
			sourceTree = "<group>";
		};
		09640269D367A2B2AAA9B2D5 /* ServerSetup */ = {
			isa = PBXGroup;
			children = (
				2B2E2AF58B675A4D937EF594 /* Repositories */,
				7280BFAF535389DAA22B815A /* ViewModels */,
				1C7C291376341FF9C6E63D76 /* Views */,
				70510000000000000000C014 /* Views-tvOS */,
			);
			path = ServerSetup;
			sourceTree = "<group>";
		};
		15A3F5EC4788F924EF3029E1 /* ViewModels */ = {
			isa = PBXGroup;
			children = (
				5A22094D4EC82D7864FB6326 /* RequestDetailViewModel.swift */,
				A8D1E4FA44C1BCA098500049 /* RequestListViewModel.swift */,
			);
			path = ViewModels;
			sourceTree = "<group>";
		};
		1C7C291376341FF9C6E63D76 /* Views */ = {
			isa = PBXGroup;
			children = (
				1D03BFDAA57BCFD1563B4547 /* AddServerView.swift */,
				7CCAD2AEBC9B5070D704CC42 /* ServerListView.swift */,
			);
			path = Views;
			sourceTree = "<group>";
		};
		225D191904D715F45D6473A6 = {
			isa = PBXGroup;
			children = (
				DA8611358F3E4231FA577FBB /* SeerrClient */,
				FD3A4C18DDD171219C21D6ED /* SeerrClientTests */,
				B100000000000000000000004 /* SeerrClientUITests */,
				6AAAC7B585A309055090811A /* Products */,
			);
			sourceTree = "<group>";
		};
		29FA13DAA52BDF7547B1739E /* Networking */ = {
			isa = PBXGroup;
			children = (
				7BA9BC8FEC91C03F2E9EF262 /* APIEndpoints.swift */,
				FFC276DA8E190B9425423E1A /* APIError.swift */,
				35F23B78D85AD082DF788C99 /* SeerrAPIClient.swift */,
				B0A21FB0924B241FDC4D8DC9 /* TrustManager.swift */,
				B100000000000000000000011 /* UITestURLProtocol.swift */,
				27074C23E43436441EF6F02F /* URLNormalizer.swift */,
			);
			path = Networking;
			sourceTree = "<group>";
		};
		2B2E2AF58B675A4D937EF594 /* Repositories */ = {
			isa = PBXGroup;
			children = (
				559DE2B239D468A40F567DF2 /* ServerRepository.swift */,
			);
			path = Repositories;
			sourceTree = "<group>";
		};
		2E923D3650FF5155D531868D /* Core */ = {
			isa = PBXGroup;
			children = (
				C14B77DC4DAAA329610B5F51 /* Models */,
				A6630818BF449B532B1A3A95 /* Navigation */,
				29FA13DAA52BDF7547B1739E /* Networking */,
				8FA6A624AC72349C43E33EAA /* Storage */,
				45EF2489B853A7F9CFE594CE /* Utilities */,
				B29B254700932AB71E9ECB63 /* Views */,
			);
			path = Core;
			sourceTree = "<group>";
		};
		333FDE8C21977C639CCE9388 /* App */ = {
			isa = PBXGroup;
			children = (
				C9DF43906E0E406A94453EF1 /* AppState.swift */,
				64C47E6800275508DB03C916 /* ContentView.swift */,
				3DA21C4FF404997FFF405DA9 /* Info.plist */,
				5DB4DD510E4FB75A20BEB26F /* LaunchAnimationView.swift */,
				ECDB627E4650345B0B45592B /* LaunchScreen.storyboard */,
				FFB67CD0DFFCE6295E9E87C8 /* SeerrClientApp.swift */,
				C500000000000000000000002 /* TabSelectionPolicy.swift */,
				B100000000000000000000010 /* UITestSupport.swift */,
			);
			path = App;
			sourceTree = "<group>";
		};
		3382CBACDCC430B31FF6B8B5 /* Models */ = {
			isa = PBXGroup;
			children = (
				CC0E8AF893654BCD6C39AC12 /* DiscoverMediaItemTests.swift */,
				31A65F11D0875344C5E92CB0 /* SeerrModelsTests.swift */,
				66E1E51275191AF431112E6C /* ServerDetectionResultTests.swift */,
			);
			path = Models;
			sourceTree = "<group>";
		};
		3CC994DFB072E84876A385FA /* Search */ = {
			isa = PBXGroup;
			children = (
				8EDCB193CE5698AB1E51393D /* Repositories */,
				E80BF905F333428DE38E8251 /* ViewModels */,
				EE2232F456CD0D4ADA43921C /* Views */,
			);
			path = Search;
			sourceTree = "<group>";
		};
		43542A772485535FF551A593 /* Repositories */ = {
			isa = PBXGroup;
			children = (
				78ABD9B388909ABD99B582D2 /* ProfileRepository.swift */,
			);
			path = Repositories;
			sourceTree = "<group>";
		};
		45EF2489B853A7F9CFE594CE /* Utilities */ = {
			isa = PBXGroup;
			children = (
				9A002FFC73E8F244FA27489C /* DateFormatting.swift */,
				199CDE54AD436C7475063960 /* Logger.swift */,
				E69B950886B50BE2637AA796 /* TMDBImageURL.swift */,
			);
			path = Utilities;
			sourceTree = "<group>";
		};
		4D2B3290AEE4A326F2D9E5F3 /* Discover */ = {
			isa = PBXGroup;
			children = (
				D10BACCCD943A8C0CB817381 /* Repositories */,
				F74BAD8E0BB89B9B87C208BA /* ViewModels */,
				DF51682CA8BB447639A08B49 /* Views */,
				70510000000000000000C010 /* Views-tvOS */,
			);
			path = Discover;
			sourceTree = "<group>";
		};
		545A2B2BE03B933E992730D3 /* Settings */ = {
			isa = PBXGroup;
			children = (
				43542A772485535FF551A593 /* Repositories */,
				CDF889051AB6FF01D7869A51 /* ViewModels */,
				BB21A7C79B2C15D2677E5988 /* Views */,
				70510000000000000000C012 /* Views-tvOS */,
			);
			path = Settings;
			sourceTree = "<group>";
		};
		5710BB3CEBE2DB7884A66557 /* Mocks */ = {
			isa = PBXGroup;
			children = (
				E3A000000000000000000005 /* MockRequestListFetcher.swift */,
				D61F6815EFC57AC8DF4F8424 /* MockWatchlistFetcher.swift */,
			);
			path = Mocks;
			sourceTree = "<group>";
		};
		64ED1F29AD48B647809B7C39 /* MediaDetail */ = {
			isa = PBXGroup;
			children = (
				A917C884870CF3B2E728FF9D /* Repositories */,
				004F44999B4462628033354E /* ViewModels */,
				DB05223BA1DB20506A9353EB /* Views */,
				70510000000000000000C013 /* Views-tvOS */,
			);
			path = MediaDetail;
			sourceTree = "<group>";
		};
		6AAAC7B585A309055090811A /* Products */ = {
			isa = PBXGroup;
			children = (
				E418DBD74F0261757BAE65C2 /* SeerrClient.app */,
				4D82C291E836C1E1D59DFF4B /* SeerrClientTests.xctest */,
				B100000000000000000000003 /* SeerrClientUITests.xctest */,
				70510000000000000000A002 /* SeerrClientTV.app */,
			);
			name = Products;
			sourceTree = "<group>";
		};
		70510000000000000000A008 /* App-tvOS */ = {
			isa = PBXGroup;
			children = (
				70510000000000000000A009 /* SeerrClientTVApp.swift */,
				70510000000000000000A014 /* ContentView-tvOS.swift */,
				70510000000000000000C001 /* TVContentSupport.swift */,
				70510000000000000000A011 /* Info-tvOS.plist */,
				70510000000000000000A012 /* Assets-tvOS.xcassets */,
			);
			path = "App-tvOS";
			sourceTree = "<group>";
		};
		70510000000000000000C010 /* Views-tvOS */ = {
			isa = PBXGroup;
			children = (
				70510000000000000000C002 /* TVDiscoverView.swift */,
			);
			path = "Views-tvOS";
			sourceTree = "<group>";
		};
		70510000000000000000C011 /* Views-tvOS */ = {
			isa = PBXGroup;
			children = (
				70510000000000000000C004 /* TVRequestsView.swift */,
			);
			path = "Views-tvOS";
			sourceTree = "<group>";
		};
		70510000000000000000C012 /* Views-tvOS */ = {
			isa = PBXGroup;
			children = (
				70510000000000000000C005 /* TVProfileView.swift */,
				70510000000000000000C003 /* TVWatchlistView.swift */,
			);
			path = "Views-tvOS";
			sourceTree = "<group>";
		};
		70510000000000000000C013 /* Views-tvOS */ = {
			isa = PBXGroup;
			children = (
				70510000000000000000C006 /* TVMediaDetailView.swift */,
			);
			path = "Views-tvOS";
			sourceTree = "<group>";
		};
		70510000000000000000C014 /* Views-tvOS */ = {
			isa = PBXGroup;
			children = (
				70510000000000000000C007 /* TVServerSetupView.swift */,
			);
			path = "Views-tvOS";
			sourceTree = "<group>";
		};
		70510000000000000000C015 /* Views-tvOS */ = {
			isa = PBXGroup;
			children = (
				70510000000000000000C008 /* TVLoginView.swift */,
				70510000000000000000C00A /* TVPlexOAuthView.swift */,
			);
			path = "Views-tvOS";
			sourceTree = "<group>";
		};
		7280BFAF535389DAA22B815A /* ViewModels */ = {
			isa = PBXGroup;
			children = (
				C4FE6055B66B1402A9BA91C3 /* ServerSetupViewModel.swift */,
			);
			path = ViewModels;
			sourceTree = "<group>";
		};
		743281D0A2EC8B7A0A03B805 /* ViewModels */ = {
			isa = PBXGroup;
			children = (
				8B2E98367B74869339FA13D2 /* AuthViewModel.swift */,
			);
			path = ViewModels;
			sourceTree = "<group>";
		};
		78FA1B1F81C77921CDA259C2 /* ViewModels */ = {
			isa = PBXGroup;
			children = (
				D2A000000000000000000002 /* AboutContentTests.swift */,
				C1A000000000000000000002 /* CollectionDetailViewModelTests.swift */,
				E3A000000000000000000004 /* RequestListViewModelTests.swift */,
				487D98B554FDDAA3F90661D4 /* WatchlistViewModelTests.swift */,
			);
			path = ViewModels;
			sourceTree = "<group>";
		};
		8EDCB193CE5698AB1E51393D /* Repositories */ = {
			isa = PBXGroup;
			children = (
				86D75F539EE4FB9EDCCD4FD8 /* SearchRepository.swift */,
			);
			path = Repositories;
			sourceTree = "<group>";
		};
		8FA6A624AC72349C43E33EAA /* Storage */ = {
			isa = PBXGroup;
			children = (
				81677D5A77C4A46EED374C39 /* KeychainManager.swift */,
				FC2FF07F37E85C5506E7A09E /* ServerStore.swift */,
			);
			path = Storage;
			sourceTree = "<group>";
		};
		91908D1BCB3D309D2702F969 /* Requests */ = {
			isa = PBXGroup;
			children = (
				B0CF517DAB0A6C622C486AD2 /* Repositories */,
				15A3F5EC4788F924EF3029E1 /* ViewModels */,
				F4BC47AC41B72688A5401BDF /* Views */,
				70510000000000000000C011 /* Views-tvOS */,
			);
			path = Requests;
			sourceTree = "<group>";
		};
		A6630818BF449B532B1A3A95 /* Navigation */ = {
			isa = PBXGroup;
			children = (
				A87C5B119185D13BDC0B2ACC /* MediaNavDestinations.swift */,
			);
			path = Navigation;
			sourceTree = "<group>";
		};
		A917C884870CF3B2E728FF9D /* Repositories */ = {
			isa = PBXGroup;
			children = (
				5971F7AFF27722D93F4B2C4A /* MediaDetailRepository.swift */,
			);
			path = Repositories;
			sourceTree = "<group>";
		};
		B0CF517DAB0A6C622C486AD2 /* Repositories */ = {
			isa = PBXGroup;
			children = (
				611335D5B4B13E4CCE58A230 /* RequestRepository.swift */,
			);
			path = Repositories;
			sourceTree = "<group>";
		};
		B100000000000000000000004 /* SeerrClientUITests */ = {
			isa = PBXGroup;
			children = (
				D2A000000000000000000004 /* AboutNavigationUITests.swift */,
				C1A000000000000000000004 /* CollectionRequestSelectionUITests.swift */,
				F4A000000000000000000004 /* LaunchFlowUITests.swift */,
				E3A000000000000000000006 /* RequestListSegmentedUITests.swift */,
				B200000000000000000000006 /* IPadSidebarSplitUITests.swift */,
				B200000000000000000000004 /* TabNavigationUITests.swift */,
				B100000000000000000000002 /* WatchlistRemovalUITests.swift */,
				B200000000000000000000009 /* Support */,
			);
			path = SeerrClientUITests;
			sourceTree = "<group>";
		};
		B200000000000000000000009 /* Support */ = {
			isa = PBXGroup;
			children = (
				B200000000000000000000002 /* TabNavigator.swift */,
			);
			path = Support;
			sourceTree = "<group>";
		};
		B29B254700932AB71E9ECB63 /* Views */ = {
			isa = PBXGroup;
			children = (
				8B06681BFD58F3624A783EF4 /* ShimmerView.swift */,
			);
			path = Views;
			sourceTree = "<group>";
		};
		B6A0E75702CEE690EB8E95AF /* Features */ = {
			isa = PBXGroup;
			children = (
				E9C2835CC74C61C871EE206D /* Auth */,
				4D2B3290AEE4A326F2D9E5F3 /* Discover */,
				64ED1F29AD48B647809B7C39 /* MediaDetail */,
				91908D1BCB3D309D2702F969 /* Requests */,
				3CC994DFB072E84876A385FA /* Search */,
				09640269D367A2B2AAA9B2D5 /* ServerSetup */,
				545A2B2BE03B933E992730D3 /* Settings */,
			);
			path = Features;
			sourceTree = "<group>";
		};
		BB21A7C79B2C15D2677E5988 /* Views */ = {
			isa = PBXGroup;
			children = (
				6EFE9A3868A19863AAB5B71E /* AboutSection.swift */,
				E64979A476B83BBC55926763 /* AppearanceSection.swift */,
				9BB8BDD36E7E8BA1633E119B /* ProfileHeaderSection.swift */,
				6B80980E75F51890E352DE28 /* ProfileView.swift */,
				20B65E40D6328D4F11B39C90 /* RequestSummarySection.swift */,
				B636B641B400144C5B4A9D6E /* ServerInfoSection.swift */,
				0008919C3BEB59A2D341CC18 /* WatchlistView.swift */,
			);
			path = Views;
			sourceTree = "<group>";
		};
		C14B77DC4DAAA329610B5F51 /* Models */ = {
			isa = PBXGroup;
			children = (
				CA9E349149C88570515FD1F3 /* SeerrModels.swift */,
				DBEB581AA47ACD7AC2BF46A2 /* ServerConfiguration.swift */,
			);
			path = Models;
			sourceTree = "<group>";
		};
		CDF889051AB6FF01D7869A51 /* ViewModels */ = {
			isa = PBXGroup;
			children = (
				08F8FBBCF15E572E36DDEE7D /* ProfileViewModel.swift */,
				FE74B4F94F2F612047C9284C /* WatchlistViewModel.swift */,
			);
			path = ViewModels;
			sourceTree = "<group>";
		};
		D10BACCCD943A8C0CB817381 /* Repositories */ = {
			isa = PBXGroup;
			children = (
				2BB38D0BE2C5D424D1208B1C /* DiscoverRepository.swift */,
			);
			path = Repositories;
			sourceTree = "<group>";
		};
		DA8611358F3E4231FA577FBB /* SeerrClient */ = {
			isa = PBXGroup;
			children = (
				333FDE8C21977C639CCE9388 /* App */,
				70510000000000000000A008 /* App-tvOS */,
				2E923D3650FF5155D531868D /* Core */,
				B6A0E75702CEE690EB8E95AF /* Features */,
				CEE87EED834463BD311560B9 /* Assets.xcassets */,
			);
			path = SeerrClient;
			sourceTree = "<group>";
		};
		DB05223BA1DB20506A9353EB /* Views */ = {
			isa = PBXGroup;
			children = (
				DFC5117590DD72AE3D81042E /* CastCardView.swift */,
				CA4D80AE934D8EE61E68CC5F /* CastCarouselView.swift */,
				BD6AD08FC1494D6184ACE7B2 /* CollectionDetailView.swift */,
				2EBB05AAEDED3FBD74CE5011 /* EpisodeCardView.swift */,
				D817ADAEC73E667AF2AACDDB /* EpisodeListView.swift */,
				429FE31E1061D26176F2FF86 /* MediaDetailHeroView.swift */,
				52CACE715F2E81DB7F34E04B /* MediaHorizontalRowView.swift */,
				08B59BC79632764E4364FC5D /* MediaMetadataView.swift */,
				6312DDACD311AA170C2B35B3 /* MovieDetailView.swift */,
				006621B1BAB219A3DA268155 /* RequestButtonView.swift */,
				FF31ECDFD93EF7800E74AFA1 /* TvShowDetailView.swift */,
			);
			path = Views;
			sourceTree = "<group>";
		};
		DD63420CF12ECE7C90046BA6 /* Repositories */ = {
			isa = PBXGroup;
			children = (
				D74273EE34B44ADDCFCA9326 /* AuthRepository.swift */,
			);
			path = Repositories;
			sourceTree = "<group>";
		};
		DF51682CA8BB447639A08B49 /* Views */ = {
			isa = PBXGroup;
			children = (
				BF2F9EE06CCC51F03BC5B4F6 /* DiscoverSliderView.swift */,
				CFB1D51FC4F2154A8F0E010E /* DiscoverView.swift */,
				E69D7F345716A3DE42F3294A /* MediaCardView.swift */,
				01BAF214E68CE207CB709358 /* StatusBadgeView.swift */,
			);
			path = Views;
			sourceTree = "<group>";
		};
		E80BF905F333428DE38E8251 /* ViewModels */ = {
			isa = PBXGroup;
			children = (
				B73FDBE818C29FCA8DBA88E3 /* SearchViewModel.swift */,
			);
			path = ViewModels;
			sourceTree = "<group>";
		};
		E9C2835CC74C61C871EE206D /* Auth */ = {
			isa = PBXGroup;
			children = (
				DD63420CF12ECE7C90046BA6 /* Repositories */,
				743281D0A2EC8B7A0A03B805 /* ViewModels */,
				FB94C5E1F628C94E87689C82 /* Views */,
				70510000000000000000C015 /* Views-tvOS */,
			);
			path = Auth;
			sourceTree = "<group>";
		};
		EE2232F456CD0D4ADA43921C /* Views */ = {
			isa = PBXGroup;
			children = (
				2DD05BFBDB2A8FDE3892F0A7 /* PersonSearchCardView.swift */,
				8691565367C74E25BBCE6CCA /* SearchFiltersView.swift */,
				CA416916A3938B893C902DD4 /* SearchView.swift */,
			);
			path = Views;
			sourceTree = "<group>";
		};
		F4BC47AC41B72688A5401BDF /* Views */ = {
			isa = PBXGroup;
			children = (
				A1C72A5BFF47CB301F381200 /* CreateRequestView.swift */,
				4F9CACE529E1925DFDD5CF20 /* RequestCardView.swift */,
				B71C254BEA64FC0AA7FDFAFB /* RequestDetailView.swift */,
				5AC32AD4CD10A6DEE1EBCC86 /* RequestListView.swift */,
				60503E3E397F7F3187A6F4DB /* RequestsTabView.swift */,
			);
			path = Views;
			sourceTree = "<group>";
		};
		F74BAD8E0BB89B9B87C208BA /* ViewModels */ = {
			isa = PBXGroup;
			children = (
				B51E03581D50B930FC87D744 /* DiscoverViewModel.swift */,
			);
			path = ViewModels;
			sourceTree = "<group>";
		};
		FB94C5E1F628C94E87689C82 /* Views */ = {
			isa = PBXGroup;
			children = (
				E4E772FA7B51A7222166D1DA /* LoginView.swift */,
				51003BCD28BD393CA457D535 /* PlexOAuthView.swift */,
			);
			path = Views;
			sourceTree = "<group>";
		};
		FD3A4C18DDD171219C21D6ED /* SeerrClientTests */ = {
			isa = PBXGroup;
			children = (
				F4A000000000000000000002 /* AppStateNavigationTests.swift */,
				C500000000000000000000004 /* TabSelectionPolicyTests.swift */,
				5710BB3CEBE2DB7884A66557 /* Mocks */,
				3382CBACDCC430B31FF6B8B5 /* Models */,
				78FA1B1F81C77921CDA259C2 /* ViewModels */,
			);
			path = SeerrClientTests;
			sourceTree = "<group>";
		};
/* End PBXGroup section */

/* Begin PBXNativeTarget section */
		5C6985FED49AADD9C9BE0632 /* SeerrClientTests */ = {
			isa = PBXNativeTarget;
			buildConfigurationList = EE52F2BE271CDAB0EA7F9298 /* Build configuration list for PBXNativeTarget "SeerrClientTests" */;
			buildPhases = (
				D941CB7D20CD0D9C054EA743 /* Sources */,
			);
			buildRules = (
			);
			dependencies = (
				CF7EE1586F73C8D0E4A8E2A6 /* PBXTargetDependency */,
			);
			name = SeerrClientTests;
			packageProductDependencies = (
			);
			productName = SeerrClientTests;
			productReference = 4D82C291E836C1E1D59DFF4B /* SeerrClientTests.xctest */;
			productType = "com.apple.product-type.bundle.unit-test";
		};
		70510000000000000000A001 /* SeerrClientTV */ = {
			isa = PBXNativeTarget;
			buildConfigurationList = 70510000000000000000A005 /* Build configuration list for PBXNativeTarget "SeerrClientTV" */;
			buildPhases = (
				70510000000000000000A006 /* Sources */,
				70510000000000000000A007 /* Resources */,
			);
			buildRules = (
			);
			dependencies = (
			);
			name = SeerrClientTV;
			packageProductDependencies = (
			);
			productName = SeerrClientTV;
			productReference = 70510000000000000000A002 /* SeerrClientTV.app */;
			productType = "com.apple.product-type.application";
		};
		9EA76F0C1C79685436156160 /* SeerrClient */ = {
			isa = PBXNativeTarget;
			buildConfigurationList = 9AD9B06188B8F841FC3532D9 /* Build configuration list for PBXNativeTarget "SeerrClient" */;
			buildPhases = (
				C72512DF27A1142E3C8F6A1B /* Sources */,
				0717205E76D788C2F605C15E /* Resources */,
			);
			buildRules = (
			);
			dependencies = (
			);
			name = SeerrClient;
			packageProductDependencies = (
			);
			productName = SeerrClient;
			productReference = E418DBD74F0261757BAE65C2 /* SeerrClient.app */;
			productType = "com.apple.product-type.application";
		};
		B100000000000000000000006 /* SeerrClientUITests */ = {
			isa = PBXNativeTarget;
			buildConfigurationList = B10000000000000000000000A /* Build configuration list for PBXNativeTarget "SeerrClientUITests" */;
			buildPhases = (
				B100000000000000000000008 /* Sources */,
				B10000000000000000000000D /* Frameworks */,
				B100000000000000000000007 /* Resources */,
			);
			buildRules = (
			);
			dependencies = (
				B100000000000000000000009 /* PBXTargetDependency */,
			);
			name = SeerrClientUITests;
			packageProductDependencies = (
			);
			productName = SeerrClientUITests;
			productReference = B100000000000000000000003 /* SeerrClientUITests.xctest */;
			productType = "com.apple.product-type.bundle.ui-testing";
		};
/* End PBXNativeTarget section */

/* Begin PBXProject section */
		D4DC02BCE452C41F4C338432 /* Project object */ = {
			isa = PBXProject;
			attributes = {
				BuildIndependentTargetsInParallel = YES;
				LastUpgradeCheck = 1600;
				TargetAttributes = {
					70510000000000000000A001 = {
						CreatedOnToolsVersion = 26.6;
						ProvisioningStyle = Automatic;
					};
					B100000000000000000000006 = {
						CreatedOnToolsVersion = 17.5;
						TestTargetID = 9EA76F0C1C79685436156160;
					};
				};
			};
			buildConfigurationList = 044E315C0EFBF975E1AB45AE /* Build configuration list for PBXProject "SeerrClient" */;
			developmentRegion = en;
			hasScannedForEncodings = 0;
			knownRegions = (
				Base,
				en,
			);
			mainGroup = 225D191904D715F45D6473A6;
			minimizedProjectReferenceProxies = 1;
			preferredProjectObjectVersion = 77;
			productRefGroup = 6AAAC7B585A309055090811A /* Products */;
			projectDirPath = "";
			projectRoot = "";
			targets = (
				9EA76F0C1C79685436156160 /* SeerrClient */,
				5C6985FED49AADD9C9BE0632 /* SeerrClientTests */,
				B100000000000000000000006 /* SeerrClientUITests */,
				70510000000000000000A001 /* SeerrClientTV */,
			);
		};
/* End PBXProject section */

/* Begin PBXResourcesBuildPhase section */
		0717205E76D788C2F605C15E /* Resources */ = {
			isa = PBXResourcesBuildPhase;
			buildActionMask = 2147483647;
			files = (
				7FB94BD3AC29CC5BFC7B12F6 /* Assets.xcassets in Resources */,
				73A00903F8C5DEC97082EBBA /* LaunchScreen.storyboard in Resources */,
			);
			runOnlyForDeploymentPostprocessing = 0;
		};
		70510000000000000000A007 /* Resources */ = {
			isa = PBXResourcesBuildPhase;
			buildActionMask = 2147483647;
			files = (
				70510000000000000000A013 /* Assets-tvOS.xcassets in Resources */,
			);
			runOnlyForDeploymentPostprocessing = 0;
		};
		B100000000000000000000007 /* Resources */ = {
			isa = PBXResourcesBuildPhase;
			buildActionMask = 2147483647;
			files = (
			);
			runOnlyForDeploymentPostprocessing = 0;
		};
/* End PBXResourcesBuildPhase section */

/* Begin PBXSourcesBuildPhase section */
		70510000000000000000A006 /* Sources */ = {
			isa = PBXSourcesBuildPhase;
			buildActionMask = 2147483647;
			files = (
				70510000000000000000A010 /* SeerrClientTVApp.swift in Sources */,
				70510000000000000000A015 /* ContentView-tvOS.swift in Sources */,
				70510000000000000000B001 /* SeerrModels.swift in Sources */,
				70510000000000000000B002 /* ServerConfiguration.swift in Sources */,
				70510000000000000000B003 /* APIEndpoints.swift in Sources */,
				70510000000000000000B004 /* APIError.swift in Sources */,
				70510000000000000000B005 /* SeerrAPIClient.swift in Sources */,
				70510000000000000000B006 /* TrustManager.swift in Sources */,
				70510000000000000000B007 /* UITestURLProtocol.swift in Sources */,
				70510000000000000000B008 /* URLNormalizer.swift in Sources */,
				70510000000000000000B009 /* KeychainManager.swift in Sources */,
				70510000000000000000B010 /* ServerStore.swift in Sources */,
				70510000000000000000B011 /* DateFormatting.swift in Sources */,
				70510000000000000000B012 /* Logger.swift in Sources */,
				70510000000000000000B013 /* TMDBImageURL.swift in Sources */,
				70510000000000000000B014 /* ShimmerView.swift in Sources */,
				70510000000000000000B015 /* MediaNavDestinations.swift in Sources */,
				70510000000000000000B016 /* TabSelectionPolicy.swift in Sources */,
				70510000000000000000B017 /* AppState.swift in Sources */,
				70510000000000000000B018 /* UITestSupport.swift in Sources */,
				70510000000000000000B019 /* AuthRepository.swift in Sources */,
				70510000000000000000B020 /* DiscoverRepository.swift in Sources */,
				70510000000000000000B021 /* MediaDetailRepository.swift in Sources */,
				70510000000000000000B022 /* ProfileRepository.swift in Sources */,
				70510000000000000000B023 /* RequestRepository.swift in Sources */,
				70510000000000000000B024 /* SearchRepository.swift in Sources */,
				70510000000000000000B025 /* ServerRepository.swift in Sources */,
				70510000000000000000B026 /* AuthViewModel.swift in Sources */,
				70510000000000000000B027 /* DiscoverViewModel.swift in Sources */,
				70510000000000000000B028 /* CollectionDetailViewModel.swift in Sources */,
				70510000000000000000B029 /* MovieDetailViewModel.swift in Sources */,
				70510000000000000000B030 /* RequestDetailViewModel.swift in Sources */,
				70510000000000000000B031 /* RequestListViewModel.swift in Sources */,
				70510000000000000000B032 /* ProfileViewModel.swift in Sources */,
				70510000000000000000B033 /* SearchViewModel.swift in Sources */,
				70510000000000000000B034 /* ServerSetupViewModel.swift in Sources */,
				70510000000000000000B035 /* TvShowDetailViewModel.swift in Sources */,
				70510000000000000000B036 /* WatchlistViewModel.swift in Sources */,
				70510000000000000000C101 /* TVContentSupport.swift in Sources */,
				70510000000000000000C102 /* TVDiscoverView.swift in Sources */,
				70510000000000000000C103 /* TVWatchlistView.swift in Sources */,
				70510000000000000000C104 /* TVRequestsView.swift in Sources */,
				70510000000000000000C105 /* TVProfileView.swift in Sources */,
				70510000000000000000C106 /* TVMediaDetailView.swift in Sources */,
				70510000000000000000C107 /* TVServerSetupView.swift in Sources */,
				70510000000000000000C108 /* TVLoginView.swift in Sources */,
				70510000000000000000C10A /* TVPlexOAuthView.swift in Sources */,
			);
			runOnlyForDeploymentPostprocessing = 0;
		};
		B100000000000000000000008 /* Sources */ = {
			isa = PBXSourcesBuildPhase;
			buildActionMask = 2147483647;
			files = (
				D2A000000000000000000003 /* AboutNavigationUITests.swift in Sources */,
				C1A000000000000000000003 /* CollectionRequestSelectionUITests.swift in Sources */,
				F4A000000000000000000003 /* LaunchFlowUITests.swift in Sources */,
				B200000000000000000000005 /* IPadSidebarSplitUITests.swift in Sources */,
				E3A000000000000000000003 /* RequestListSegmentedUITests.swift in Sources */,
				B200000000000000000000001 /* TabNavigator.swift in Sources */,
				B200000000000000000000003 /* TabNavigationUITests.swift in Sources */,
				B100000000000000000000001 /* WatchlistRemovalUITests.swift in Sources */,
			);
			runOnlyForDeploymentPostprocessing = 0;
		};
		C72512DF27A1142E3C8F6A1B /* Sources */ = {
			isa = PBXSourcesBuildPhase;
			buildActionMask = 2147483647;
			files = (
				F5E75B8DCEA4839422965BF1 /* APIEndpoints.swift in Sources */,
				CA8605D14239CC1AEA63810E /* APIError.swift in Sources */,
				3A1AD2811B79C6CE0AEEEB54 /* AboutSection.swift in Sources */,
				E8C3A103AD6602824EC110A2 /* AddServerView.swift in Sources */,
				612001AFAADC8BD0E319C6BE /* AppState.swift in Sources */,
				89032B00879D0EFBDF13B130 /* AppearanceSection.swift in Sources */,
				B069B98E3F89B59A8A90E7E6 /* AuthRepository.swift in Sources */,
				16D82132E6DC3882931D2C5C /* AuthViewModel.swift in Sources */,
				B4D887908584618E9FC565BE /* CastCardView.swift in Sources */,
				50A385491AC7DE95CA94A5B8 /* CastCarouselView.swift in Sources */,
				8F59C875CEBBBEBED7087067 /* ContentView.swift in Sources */,
				C500000000000000000000001 /* TabSelectionPolicy.swift in Sources */,
				6A6FE03ED2C28204EEC4C76D /* CreateRequestView.swift in Sources */,
				9D25E67C34BAC8908C5675B8 /* DateFormatting.swift in Sources */,
				A2EC57FB5898FBD0797C9167 /* DiscoverRepository.swift in Sources */,
				5836E1B8DF927AD0FF62F670 /* DiscoverSliderView.swift in Sources */,
				766C6FB9EEAAAA6F5165E666 /* DiscoverView.swift in Sources */,
				1D774975C65325A9AA287BFE /* DiscoverViewModel.swift in Sources */,
				10EA31FB0508B38AA59F09C8 /* EpisodeCardView.swift in Sources */,
				90A14736E1D13B3C56831BB9 /* EpisodeListView.swift in Sources */,
				96C066C75C2CBF615B50285E /* KeychainManager.swift in Sources */,
				D58807F56B65059BE9B9E4D3 /* LaunchAnimationView.swift in Sources */,
				DE2A923196AD601DAC8DA4E3 /* Logger.swift in Sources */,
				E84A482CE2ADC7B1068FCF3D /* LoginView.swift in Sources */,
				824B6E4FC831874D7784FB8D /* MediaCardView.swift in Sources */,
				7B40C0D92BEDFF87D286A3B9 /* MediaDetailHeroView.swift in Sources */,
				7178751D0E4C7F87617CE4DB /* MediaDetailRepository.swift in Sources */,
				C81ACF65AEC85C2BE17AD7C8 /* MediaHorizontalRowView.swift in Sources */,
				CD001BD7344277CB74D31AE6 /* MediaMetadataView.swift in Sources */,
				40E85BB522FA06E3466A27BC /* MediaNavDestinations.swift in Sources */,
				818482B08AC04D3CAECA4BFA /* CollectionDetailView.swift in Sources */,
				275EE5D12E2C4FACBEA06CE3 /* CollectionDetailViewModel.swift in Sources */,
				7CC72637AAF0D58C9996BDA2 /* MovieDetailView.swift in Sources */,
				461FA6B96694952B917DE8E2 /* MovieDetailViewModel.swift in Sources */,
				FA4712AA673C6908505E1549 /* PersonSearchCardView.swift in Sources */,
				D78639ED60ED84756C488395 /* PlexOAuthView.swift in Sources */,
				4A53C4364D7148F2F1325FC0 /* ProfileHeaderSection.swift in Sources */,
				ADC3CAE700D8F42DF35CED6D /* ProfileRepository.swift in Sources */,
				9984D7327D96E96DF674D6E2 /* ProfileView.swift in Sources */,
				B4AFE01403540AC0F4BC0B29 /* ProfileViewModel.swift in Sources */,
				00CD2AC36BEF7ECB7469CBA7 /* RequestButtonView.swift in Sources */,
				33A190A8A3D8C96D0AD93BAE /* RequestCardView.swift in Sources */,
				6B8D732746A2384EF02E059B /* RequestDetailView.swift in Sources */,
				CCD17EDC58FE4B43227F94D9 /* RequestDetailViewModel.swift in Sources */,
				604998903B3DE062D0A80B4A /* RequestListView.swift in Sources */,
				D19B94F99FAA27AB7178C413 /* RequestListViewModel.swift in Sources */,
				60503E3F397F7F3187A6F4DB /* RequestsTabView.swift in Sources */,
				04D761CC68BB6CC8A8394348 /* RequestRepository.swift in Sources */,
				EB6E943C4684F95360979B52 /* RequestSummarySection.swift in Sources */,
				E993B77992A98112EF184EF9 /* SearchFiltersView.swift in Sources */,
				6D6585C4A330CB578D545A69 /* SearchRepository.swift in Sources */,
				CCEF1D14174C59AA639BA4CC /* SearchView.swift in Sources */,
				603E724DBE734E63A8450DD1 /* SearchViewModel.swift in Sources */,
				835E30BA4370E001018A15FB /* SeerrAPIClient.swift in Sources */,
				DE5050F748DD9EEACEBE82DB /* SeerrClientApp.swift in Sources */,
				B10000000000000000000000E /* UITestSupport.swift in Sources */,
				37D1C04FE387044755C68A47 /* SeerrModels.swift in Sources */,
				83957F5CCC7E0D4152487E92 /* ServerConfiguration.swift in Sources */,
				5B542C3F047A5AF18CCCDC1D /* ServerInfoSection.swift in Sources */,
				E84C0783AF168F636CEB3657 /* ServerListView.swift in Sources */,
				75C8B13116A4CFA9FEA594E2 /* ServerRepository.swift in Sources */,
				1AA4AFDBF19E0B179817133F /* ServerSetupViewModel.swift in Sources */,
				71AD4E3660A3A157516A5398 /* ServerStore.swift in Sources */,
				B3C998630B5747E9F90FA870 /* ShimmerView.swift in Sources */,
				9C1ABC8EA6F97142A90A8646 /* StatusBadgeView.swift in Sources */,
				438E49E22858126B23CF4BFF /* TMDBImageURL.swift in Sources */,
				EC8FF0FE880AC023DF8143C9 /* TrustManager.swift in Sources */,
				B10000000000000000000000F /* UITestURLProtocol.swift in Sources */,
				1A415686E9F112924723ACF9 /* TvShowDetailView.swift in Sources */,
				F0EA0C332F429674B0BD38F3 /* TvShowDetailViewModel.swift in Sources */,
				1F1ED67C740C5C90822E0EFC /* URLNormalizer.swift in Sources */,
				0D2AAA4FFBC176FD640845F2 /* WatchlistView.swift in Sources */,
				19430E3E200CE53AC7BB72DF /* WatchlistViewModel.swift in Sources */,
			);
			runOnlyForDeploymentPostprocessing = 0;
		};
		D941CB7D20CD0D9C054EA743 /* Sources */ = {
			isa = PBXSourcesBuildPhase;
			buildActionMask = 2147483647;
			files = (
				D2A000000000000000000001 /* AboutContentTests.swift in Sources */,
				F4A000000000000000000001 /* AppStateNavigationTests.swift in Sources */,
				C500000000000000000000003 /* TabSelectionPolicyTests.swift in Sources */,
				C1A000000000000000000001 /* CollectionDetailViewModelTests.swift in Sources */,
				2D532E27BE8FF1399DA2A3BF /* DiscoverMediaItemTests.swift in Sources */,
				E3A000000000000000000002 /* MockRequestListFetcher.swift in Sources */,
				A9A94BAEC92FCCFE259FEA6C /* MockWatchlistFetcher.swift in Sources */,
				E3A000000000000000000001 /* RequestListViewModelTests.swift in Sources */,
				DF45A146DF57543F5ED69041 /* SeerrModelsTests.swift in Sources */,
				904A35C863CBE48F8DC6ADC7 /* ServerDetectionResultTests.swift in Sources */,
				4C7C52B874F8ADB62D37FB1F /* WatchlistViewModelTests.swift in Sources */,
			);
			runOnlyForDeploymentPostprocessing = 0;
		};
/* End PBXSourcesBuildPhase section */

/* Begin PBXTargetDependency section */
		B100000000000000000000009 /* PBXTargetDependency */ = {
			isa = PBXTargetDependency;
			target = 9EA76F0C1C79685436156160 /* SeerrClient */;
			targetProxy = B100000000000000000000005 /* PBXContainerItemProxy */;
		};
		CF7EE1586F73C8D0E4A8E2A6 /* PBXTargetDependency */ = {
			isa = PBXTargetDependency;
			target = 9EA76F0C1C79685436156160 /* SeerrClient */;
			targetProxy = A553AA1E29B70026AD56A011 /* PBXContainerItemProxy */;
		};
/* End PBXTargetDependency section */

/* Begin XCBuildConfiguration section */
		30C3123984006355238E16C4 /* Release */ = {
			isa = XCBuildConfiguration;
			buildSettings = {
				BUNDLE_LOADER = "$(TEST_HOST)";
				DEVELOPMENT_TEAM = WSM586GQ29;
				GENERATE_INFOPLIST_FILE = YES;
				INFOPLIST_KEY_CFBundleDisplayName = "Octopus Explorer";
				INFOPLIST_KEY_ITSAppUsesNonExemptEncryption = NO;
				INFOPLIST_KEY_NSFaceIDUsageDescription = "Use Face ID or Touch ID to unlock the app and protect your server credentials.";
				INFOPLIST_KEY_UILaunchStoryboardName = LaunchScreen;
				INFOPLIST_KEY_UISupportedInterfaceOrientations = "UIInterfaceOrientationPortrait UIInterfaceOrientationLandscapeLeft UIInterfaceOrientationLandscapeRight";
				INFOPLIST_KEY_UISupportedInterfaceOrientations_iPad = "UIInterfaceOrientationPortrait UIInterfaceOrientationPortraitUpsideDown UIInterfaceOrientationLandscapeLeft UIInterfaceOrientationLandscapeRight";
				LD_RUNPATH_SEARCH_PATHS = (
					"$(inherited)",
					"@executable_path/Frameworks",
					"@loader_path/Frameworks",
				);
				PRODUCT_BUNDLE_IDENTIFIER = com.frostforgelabs.OctopusExplorerTests;
				SDKROOT = iphoneos;
				SWIFT_STRICT_CONCURRENCY = targeted;
				TARGETED_DEVICE_FAMILY = "1,2";
				TEST_HOST = "$(BUILT_PRODUCTS_DIR)/SeerrClient.app/SeerrClient";
			};
			name = Release;
		};
		3F611DA3265137CA0B18A322 /* Debug */ = {
			isa = XCBuildConfiguration;
			buildSettings = {
				ASSETCATALOG_COMPILER_APPICON_NAME = AppIcon;
				CODE_SIGN_IDENTITY = "iPhone Developer";
				DEVELOPMENT_TEAM = WSM586GQ29;
				ENABLE_PREVIEWS = YES;
				GENERATE_INFOPLIST_FILE = NO;
				INFOPLIST_FILE = SeerrClient/App/Info.plist;
				INFOPLIST_KEY_CFBundleDisplayName = "Octopus Explorer";
				LD_RUNPATH_SEARCH_PATHS = (
					"$(inherited)",
					"@executable_path/Frameworks",
				);
				MARKETING_VERSION = 1.0;
				PRODUCT_BUNDLE_IDENTIFIER = com.frostforgelabs.OctopusExplorer;
				SDKROOT = iphoneos;
				SWIFT_EMIT_LOC_STRINGS = YES;
				TARGETED_DEVICE_FAMILY = "1,2";
			};
			name = Debug;
		};
		4908C2CB221E648BB1B30C72 /* Release */ = {
			isa = XCBuildConfiguration;
			buildSettings = {
				ALWAYS_SEARCH_USER_PATHS = NO;
				CLANG_ANALYZER_NONNULL = YES;
				CLANG_ANALYZER_NUMBER_OBJECT_CONVERSION = YES_AGGRESSIVE;
				CLANG_CXX_LANGUAGE_STANDARD = "gnu++14";
				CLANG_CXX_LIBRARY = "libc++";
				CLANG_ENABLE_MODULES = YES;
				CLANG_ENABLE_OBJC_ARC = YES;
				CLANG_ENABLE_OBJC_WEAK = YES;
				CLANG_WARN_BLOCK_CAPTURE_AUTORELEASING = YES;
				CLANG_WARN_BOOL_CONVERSION = YES;
				CLANG_WARN_COMMA = YES;
				CLANG_WARN_CONSTANT_CONVERSION = YES;
				CLANG_WARN_DEPRECATED_OBJC_IMPLEMENTATIONS = YES;
				CLANG_WARN_DIRECT_OBJC_ISA_USAGE = YES_ERROR;
				CLANG_WARN_DOCUMENTATION_COMMENTS = YES;
				CLANG_WARN_EMPTY_BODY = YES;
				CLANG_WARN_ENUM_CONVERSION = YES;
				CLANG_WARN_INFINITE_RECURSION = YES;
				CLANG_WARN_INT_CONVERSION = YES;
				CLANG_WARN_NON_LITERAL_NULL_CONVERSION = YES;
				CLANG_WARN_OBJC_IMPLICIT_RETAIN_SELF = YES;
				CLANG_WARN_OBJC_LITERAL_CONVERSION = YES;
				CLANG_WARN_OBJC_ROOT_CLASS = YES_ERROR;
				CLANG_WARN_QUOTED_INCLUDE_IN_FRAMEWORK_HEADER = YES;
				CLANG_WARN_RANGE_LOOP_ANALYSIS = YES;
				CLANG_WARN_STRICT_PROTOTYPES = YES;
				CLANG_WARN_SUSPICIOUS_MOVE = YES;
				CLANG_WARN_UNGUARDED_AVAILABILITY = YES_AGGRESSIVE;
				CLANG_WARN_UNREACHABLE_CODE = YES;
				CLANG_WARN__DUPLICATE_METHOD_MATCH = YES;
				COPY_PHASE_STRIP = NO;
				CURRENT_PROJECT_VERSION = 1;
				DEBUG_INFORMATION_FORMAT = "dwarf-with-dsym";
				ENABLE_NS_ASSERTIONS = NO;
				ENABLE_STRICT_OBJC_MSGSEND = YES;
				GCC_C_LANGUAGE_STANDARD = gnu11;
				GCC_NO_COMMON_BLOCKS = YES;
				GCC_WARN_64_TO_32_BIT_CONVERSION = YES;
				GCC_WARN_ABOUT_RETURN_TYPE = YES_ERROR;
				GCC_WARN_UNDECLARED_SELECTOR = YES;
				GCC_WARN_UNINITIALIZED_AUTOS = YES_AGGRESSIVE;
				GCC_WARN_UNUSED_FUNCTION = YES;
				GCC_WARN_UNUSED_VARIABLE = YES;
				GENERATE_INFOPLIST_FILE = NO;
				INFOPLIST_FILE = SeerrClient/App/Info.plist;
				IPHONEOS_DEPLOYMENT_TARGET = 18.0;
				MARKETING_VERSION = 1.0.0;
				MTL_ENABLE_DEBUG_INFO = NO;
				MTL_FAST_MATH = YES;
				PRODUCT_NAME = "$(TARGET_NAME)";
				SDKROOT = iphoneos;
				SWIFT_COMPILATION_MODE = wholemodule;
				SWIFT_OPTIMIZATION_LEVEL = "-O";
				SWIFT_STRICT_CONCURRENCY = targeted;
				SWIFT_VERSION = 5;
			};
			name = Release;
		};
		6D3596B9EB4BE6DB558FBFC0 /* Release */ = {
			isa = XCBuildConfiguration;
			buildSettings = {
				ASSETCATALOG_COMPILER_APPICON_NAME = AppIcon;
				CODE_SIGN_IDENTITY = "iPhone Developer";
				DEVELOPMENT_TEAM = WSM586GQ29;
				ENABLE_PREVIEWS = YES;
				GENERATE_INFOPLIST_FILE = NO;
				INFOPLIST_FILE = SeerrClient/App/Info.plist;
				INFOPLIST_KEY_CFBundleDisplayName = "Octopus Explorer";
				LD_RUNPATH_SEARCH_PATHS = (
					"$(inherited)",
					"@executable_path/Frameworks",
				);
				MARKETING_VERSION = 1.0;
				PRODUCT_BUNDLE_IDENTIFIER = com.frostforgelabs.OctopusExplorer;
				SDKROOT = iphoneos;
				SWIFT_EMIT_LOC_STRINGS = YES;
				TARGETED_DEVICE_FAMILY = "1,2";
			};
			name = Release;
		};
		70510000000000000000A003 /* Debug */ = {
			isa = XCBuildConfiguration;
			buildSettings = {
				ASSETCATALOG_COMPILER_APPICON_NAME = "App Icon & Top Shelf Image";
				CODE_SIGN_STYLE = Automatic;
				CURRENT_PROJECT_VERSION = 1;
				DEBUG_INFORMATION_FORMAT = dwarf;
				DEVELOPMENT_TEAM = WSM586GQ29;
				ENABLE_PREVIEWS = YES;
				GENERATE_INFOPLIST_FILE = NO;
				INFOPLIST_FILE = "SeerrClient/App-tvOS/Info-tvOS.plist";
				INFOPLIST_KEY_CFBundleDisplayName = "Octopus Explorer";
				LD_RUNPATH_SEARCH_PATHS = (
					"$(inherited)",
					"@executable_path/Frameworks",
				);
				MARKETING_VERSION = 1.0.0;
				PRODUCT_BUNDLE_IDENTIFIER = com.frostforgelabs.OctopusExplorer;
				PRODUCT_NAME = SeerrClientTV;
				SDKROOT = appletvos;
				SWIFT_ACTIVE_COMPILATION_CONDITIONS = DEBUG;
				SWIFT_EMIT_LOC_STRINGS = YES;
				SWIFT_OPTIMIZATION_LEVEL = "-Onone";
				SWIFT_VERSION = 5;
				TARGETED_DEVICE_FAMILY = 3;
				TVOS_DEPLOYMENT_TARGET = 18.0;
			};
			name = Debug;
		};
		70510000000000000000A004 /* Release */ = {
			isa = XCBuildConfiguration;
			buildSettings = {
				ASSETCATALOG_COMPILER_APPICON_NAME = "App Icon & Top Shelf Image";
				CODE_SIGN_STYLE = Automatic;
				CURRENT_PROJECT_VERSION = 1;
				DEBUG_INFORMATION_FORMAT = "dwarf-with-dsym";
				DEVELOPMENT_TEAM = WSM586GQ29;
				ENABLE_NS_ASSERTIONS = NO;
				ENABLE_PREVIEWS = YES;
				GENERATE_INFOPLIST_FILE = NO;
				INFOPLIST_FILE = "SeerrClient/App-tvOS/Info-tvOS.plist";
				INFOPLIST_KEY_CFBundleDisplayName = "Octopus Explorer";
				LD_RUNPATH_SEARCH_PATHS = (
					"$(inherited)",
					"@executable_path/Frameworks",
				);
				MARKETING_VERSION = 1.0.0;
				PRODUCT_BUNDLE_IDENTIFIER = com.frostforgelabs.OctopusExplorer;
				PRODUCT_NAME = SeerrClientTV;
				SDKROOT = appletvos;
				SWIFT_COMPILATION_MODE = wholemodule;
				SWIFT_EMIT_LOC_STRINGS = YES;
				SWIFT_OPTIMIZATION_LEVEL = "-O";
				SWIFT_VERSION = 5;
				TARGETED_DEVICE_FAMILY = 3;
				TVOS_DEPLOYMENT_TARGET = 18.0;
			};
			name = Release;
		};
		A368AC3D269C4102AC230B5A /* Debug */ = {
			isa = XCBuildConfiguration;
			buildSettings = {
				BUNDLE_LOADER = "$(TEST_HOST)";
				DEVELOPMENT_TEAM = WSM586GQ29;
				GENERATE_INFOPLIST_FILE = YES;
				INFOPLIST_KEY_CFBundleDisplayName = "Octopus Explorer";
				INFOPLIST_KEY_ITSAppUsesNonExemptEncryption = NO;
				INFOPLIST_KEY_NSFaceIDUsageDescription = "Use Face ID or Touch ID to unlock the app and protect your server credentials.";
				INFOPLIST_KEY_UILaunchStoryboardName = LaunchScreen;
				INFOPLIST_KEY_UISupportedInterfaceOrientations = "UIInterfaceOrientationPortrait UIInterfaceOrientationLandscapeLeft UIInterfaceOrientationLandscapeRight";
				INFOPLIST_KEY_UISupportedInterfaceOrientations_iPad = "UIInterfaceOrientationPortrait UIInterfaceOrientationPortraitUpsideDown UIInterfaceOrientationLandscapeLeft UIInterfaceOrientationLandscapeRight";
				LD_RUNPATH_SEARCH_PATHS = (
					"$(inherited)",
					"@executable_path/Frameworks",
					"@loader_path/Frameworks",
				);
				PRODUCT_BUNDLE_IDENTIFIER = com.frostforgelabs.OctopusExplorerTests;
				SDKROOT = iphoneos;
				SWIFT_STRICT_CONCURRENCY = targeted;
				TARGETED_DEVICE_FAMILY = "1,2";
				TEST_HOST = "$(BUILT_PRODUCTS_DIR)/SeerrClient.app/SeerrClient";
			};
			name = Debug;
		};
		B10000000000000000000000B /* Debug */ = {
			isa = XCBuildConfiguration;
			buildSettings = {
				DEVELOPMENT_TEAM = WSM586GQ29;
				GENERATE_INFOPLIST_FILE = YES;
				PRODUCT_BUNDLE_IDENTIFIER = com.frostforgelabs.OctopusExplorerUITests;
				SDKROOT = iphoneos;
				SWIFT_STRICT_CONCURRENCY = targeted;
				TARGETED_DEVICE_FAMILY = "1,2";
				TEST_TARGET_NAME = SeerrClient;
			};
			name = Debug;
		};
		B10000000000000000000000C /* Release */ = {
			isa = XCBuildConfiguration;
			buildSettings = {
				DEVELOPMENT_TEAM = WSM586GQ29;
				GENERATE_INFOPLIST_FILE = YES;
				PRODUCT_BUNDLE_IDENTIFIER = com.frostforgelabs.OctopusExplorerUITests;
				SDKROOT = iphoneos;
				SWIFT_STRICT_CONCURRENCY = targeted;
				TARGETED_DEVICE_FAMILY = "1,2";
				TEST_TARGET_NAME = SeerrClient;
			};
			name = Release;
		};
		EDA8CBE7EA0851B3D568D27D /* Debug */ = {
			isa = XCBuildConfiguration;
			buildSettings = {
				ALWAYS_SEARCH_USER_PATHS = NO;
				CLANG_ANALYZER_NONNULL = YES;
				CLANG_ANALYZER_NUMBER_OBJECT_CONVERSION = YES_AGGRESSIVE;
				CLANG_CXX_LANGUAGE_STANDARD = "gnu++14";
				CLANG_CXX_LIBRARY = "libc++";
				CLANG_ENABLE_MODULES = YES;
				CLANG_ENABLE_OBJC_ARC = YES;
				CLANG_ENABLE_OBJC_WEAK = YES;
				CLANG_WARN_BLOCK_CAPTURE_AUTORELEASING = YES;
				CLANG_WARN_BOOL_CONVERSION = YES;
				CLANG_WARN_COMMA = YES;
				CLANG_WARN_CONSTANT_CONVERSION = YES;
				CLANG_WARN_DEPRECATED_OBJC_IMPLEMENTATIONS = YES;
				CLANG_WARN_DIRECT_OBJC_ISA_USAGE = YES_ERROR;
				CLANG_WARN_DOCUMENTATION_COMMENTS = YES;
				CLANG_WARN_EMPTY_BODY = YES;
				CLANG_WARN_ENUM_CONVERSION = YES;
				CLANG_WARN_INFINITE_RECURSION = YES;
				CLANG_WARN_INT_CONVERSION = YES;
				CLANG_WARN_NON_LITERAL_NULL_CONVERSION = YES;
				CLANG_WARN_OBJC_IMPLICIT_RETAIN_SELF = YES;
				CLANG_WARN_OBJC_LITERAL_CONVERSION = YES;
				CLANG_WARN_OBJC_ROOT_CLASS = YES_ERROR;
				CLANG_WARN_QUOTED_INCLUDE_IN_FRAMEWORK_HEADER = YES;
				CLANG_WARN_RANGE_LOOP_ANALYSIS = YES;
				CLANG_WARN_STRICT_PROTOTYPES = YES;
				CLANG_WARN_SUSPICIOUS_MOVE = YES;
				CLANG_WARN_UNGUARDED_AVAILABILITY = YES_AGGRESSIVE;
				CLANG_WARN_UNREACHABLE_CODE = YES;
				CLANG_WARN__DUPLICATE_METHOD_MATCH = YES;
				COPY_PHASE_STRIP = NO;
				CURRENT_PROJECT_VERSION = 1;
				DEBUG_INFORMATION_FORMAT = dwarf;
				ENABLE_STRICT_OBJC_MSGSEND = YES;
				ENABLE_TESTABILITY = YES;
				GCC_C_LANGUAGE_STANDARD = gnu11;
				GCC_DYNAMIC_NO_PIC = NO;
				GCC_NO_COMMON_BLOCKS = YES;
				GCC_OPTIMIZATION_LEVEL = 0;
				GCC_PREPROCESSOR_DEFINITIONS = (
					"$(inherited)",
					"DEBUG=1",
				);
				GCC_WARN_64_TO_32_BIT_CONVERSION = YES;
				GCC_WARN_ABOUT_RETURN_TYPE = YES_ERROR;
				GCC_WARN_UNDECLARED_SELECTOR = YES;
				GCC_WARN_UNINITIALIZED_AUTOS = YES_AGGRESSIVE;
				GCC_WARN_UNUSED_FUNCTION = YES;
				GCC_WARN_UNUSED_VARIABLE = YES;
				GENERATE_INFOPLIST_FILE = NO;
				INFOPLIST_FILE = SeerrClient/App/Info.plist;
				IPHONEOS_DEPLOYMENT_TARGET = 18.0;
				MARKETING_VERSION = 1.0.0;
				MTL_ENABLE_DEBUG_INFO = INCLUDE_SOURCE;
				MTL_FAST_MATH = YES;
				ONLY_ACTIVE_ARCH = YES;
				PRODUCT_NAME = "$(TARGET_NAME)";
				SDKROOT = iphoneos;
				SWIFT_ACTIVE_COMPILATION_CONDITIONS = DEBUG;
				SWIFT_OPTIMIZATION_LEVEL = "-Onone";
				SWIFT_STRICT_CONCURRENCY = targeted;
				SWIFT_VERSION = 5;
			};
			name = Debug;
		};
/* End XCBuildConfiguration section */

/* Begin XCConfigurationList section */
		044E315C0EFBF975E1AB45AE /* Build configuration list for PBXProject "SeerrClient" */ = {
			isa = XCConfigurationList;
			buildConfigurations = (
				EDA8CBE7EA0851B3D568D27D /* Debug */,
				4908C2CB221E648BB1B30C72 /* Release */,
			);
			defaultConfigurationIsVisible = 0;
			defaultConfigurationName = Debug;
		};
		9AD9B06188B8F841FC3532D9 /* Build configuration list for PBXNativeTarget "SeerrClient" */ = {
			isa = XCConfigurationList;
			buildConfigurations = (
				3F611DA3265137CA0B18A322 /* Debug */,
				6D3596B9EB4BE6DB558FBFC0 /* Release */,
			);
			defaultConfigurationIsVisible = 0;
			defaultConfigurationName = Debug;
		};
		70510000000000000000A005 /* Build configuration list for PBXNativeTarget "SeerrClientTV" */ = {
			isa = XCConfigurationList;
			buildConfigurations = (
				70510000000000000000A003 /* Debug */,
				70510000000000000000A004 /* Release */,
			);
			defaultConfigurationIsVisible = 0;
			defaultConfigurationName = Debug;
		};
		B10000000000000000000000A /* Build configuration list for PBXNativeTarget "SeerrClientUITests" */ = {
			isa = XCConfigurationList;
			buildConfigurations = (
				B10000000000000000000000B /* Debug */,
				B10000000000000000000000C /* Release */,
			);
			defaultConfigurationIsVisible = 0;
			defaultConfigurationName = Debug;
		};
		EE52F2BE271CDAB0EA7F9298 /* Build configuration list for PBXNativeTarget "SeerrClientTests" */ = {
			isa = XCConfigurationList;
			buildConfigurations = (
				A368AC3D269C4102AC230B5A /* Debug */,
				30C3123984006355238E16C4 /* Release */,
			);
			defaultConfigurationIsVisible = 0;
			defaultConfigurationName = Debug;
		};
/* End XCConfigurationList section */
	};
	rootObject = D4DC02BCE452C41F4C338432 /* Project object */;
}
